
Microsoft Visual Studio Solution File, Format Version 12.00
# Visual Studio Version 17
VisualStudioVersion = 17.4.33213.308
MinimumVisualStudioVersion = 10.0.40219.1
Project("{9A19103F-16F7-4668-BE54-9A1E7A4F7556}") = "BusinessFactory", "BusinessFactory\BusinessFactory\BusinessFactory.csproj", "{029CF056-C238-46B5-8CAE-4409325CFBD8}"
EndProject
Project("{9A19103F-16F7-4668-BE54-9A1E7A4F7556}") = "PasS.Base.Lib", "PasS.Base.Lib\PasS.Base.Lib.csproj", "{09C4BEF9-0123-4A98-A169-71242DEEE86C}"
EndProject
Project("{9A19103F-16F7-4668-BE54-9A1E7A4F7556}") = "PaaS.Comm", "PaaS.Comm\PaaS.Comm.csproj", "{A033E559-9733-4E76-9482-9FB2A7296FE6}"
EndProject
Project("{9A19103F-16F7-4668-BE54-9A1E7A4F7556}") = "BusinessInterface", "BusinessInterface\BusinessInterface.csproj", "{0966BC76-A7C3-42B2-A5E2-BE13E3D0E4F0}"
EndProject
Project("{9A19103F-16F7-4668-BE54-9A1E7A4F7556}") = "BusinessTest", "BusinessFactory\BusinessTest\BusinessTest.csproj", "{112F0D67-AD69-4DD4-95E5-CDC98967F539}"
EndProject
Project("{9A19103F-16F7-4668-BE54-9A1E7A4F7556}") = "DB.Core", "DB.Core\DB.Core.csproj", "{075DBF33-CB11-4D72-9A13-5A182BF9A96F}"
EndProject
Project("{9A19103F-16F7-4668-BE54-9A1E7A4F7556}") = "EncryptionKeyCore", "EncryptionKeyCore\EncryptionKeyCore.csproj", "{A6F73262-5C99-47B1-B5FB-4338A8FE5F5A}"
EndProject
Project("{9A19103F-16F7-4668-BE54-9A1E7A4F7556}") = "Log.Core", "Log.Core\Log.Core.csproj", "{90283A7D-99F5-49FE-9B05-528286F9EF5C}"
EndProject
Project("{9A19103F-16F7-4668-BE54-9A1E7A4F7556}") = "Soft.Core", "Soft.Core\Soft.Core.csproj", "{A0901AB0-B295-455A-A86D-425BB9226379}"
EndProject
Project("{9A19103F-16F7-4668-BE54-9A1E7A4F7556}") = "ZZJ_Common", "ZZJ_Common\ZZJ_Common.csproj", "{8944E054-9B9B-46C1-A30B-78E77A547BB0}"
EndProject
Project("{9A19103F-16F7-4668-BE54-9A1E7A4F7556}") = "ZZJ_EInvoice", "ZZJ_EInvoice\ZZJ_EInvoice.csproj", "{47D603A1-8B09-47D5-AADF-261227AC42F3}"
EndProject
Project("{9A19103F-16F7-4668-BE54-9A1E7A4F7556}") = "ZZJ_GJYB", "ZZJ_GJYB\ZZJ_GJYB.csproj", "{D5D3B528-948E-4AD7-8B9D-29924B54159C}"
EndProject
Project("{9A19103F-16F7-4668-BE54-9A1E7A4F7556}") = "ZZJ_InHos", "ZZJ_InHos\ZZJ_InHos.csproj", "{E4BED6B0-79AD-4DE4-BFDE-682C6261EFED}"
EndProject
Project("{9A19103F-16F7-4668-BE54-9A1E7A4F7556}") = "ZZJ_OutHos", "ZZJ_OutHos\ZZJ_OutHos.csproj", "{8C1E9F6E-3BB5-4180-8490-699F9E4BADAE}"
EndProject
Project("{2150E333-8FDC-42A3-9474-1A3956D46DE8}") = "OnlineBusHos968", "OnlineBusHos968", "{8A0403E3-5F6D-414D-96C0-E6D994AC1DA9}"
EndProject
Project("{9A19103F-16F7-4668-BE54-9A1E7A4F7556}") = "OnlineBusHos968_Common", "Hos968\OnlineBusHos968_Common\OnlineBusHos968_Common.csproj", "{08ACDB3F-058D-487C-B488-B28A7A40811F}"
EndProject
Project("{9A19103F-16F7-4668-BE54-9A1E7A4F7556}") = "OnlineBusHos968_OutHos", "Hos968\OnlineBusHos968_OutHos\OnlineBusHos968_OutHos.csproj", "{D5C62D0F-6F42-45A2-8E7C-2919F9355321}"
EndProject
Project("{9A19103F-16F7-4668-BE54-9A1E7A4F7556}") = "OnlineBusHos968_Report", "Hos968\OnlineBusHos968_Report\OnlineBusHos968_Report.csproj", "{1C6E7335-AFF7-4B9D-A704-020961BEC174}"
EndProject
Project("{9A19103F-16F7-4668-BE54-9A1E7A4F7556}") = "OnlineBusHos968_Tran", "Hos968\OnlineBusHos968_Tran\OnlineBusHos968_Tran.csproj", "{1184BBF6-9BE7-437B-9219-4A5F723D6151}"
EndProject
Project("{9A19103F-16F7-4668-BE54-9A1E7A4F7556}") = "OnlineBusHos968_YYGH", "Hos968\OnlineBusHos968_YYGH\OnlineBusHos968_YYGH.csproj", "{B4ADD8B3-D3C5-4AC4-8E09-085ED7980DA2}"
EndProject
Project("{2150E333-8FDC-42A3-9474-1A3956D46DE8}") = "PAY", "PAY", "{750AB176-A318-4A54-B4EB-BEEC02044B81}"
EndProject
Project("{9A19103F-16F7-4668-BE54-9A1E7A4F7556}") = "POSC2BUnionPay", "A2PAY\POSC2BUnionPay\POSC2BUnionPay.csproj", "{04F78747-5C50-44B8-B25E-F4CBA68442AF}"
EndProject
Project("{2150E333-8FDC-42A3-9474-1A3956D46DE8}") = "OnlineBusHos", "OnlineBusHos", "{315D0629-2431-4360-94DE-0AFBF6D6FDCF}"
EndProject
Project("{9A19103F-16F7-4668-BE54-9A1E7A4F7556}") = "OnlineBusHos_Common", "OnlineBusHos\OnlineBusHos_Common\OnlineBusHos_Common.csproj", "{0A407D79-3246-48A1-AC68-68D75774239E}"
EndProject
Project("{9A19103F-16F7-4668-BE54-9A1E7A4F7556}") = "OnlineBusHos_YYGH", "OnlineBusHos\OnlineBusHos_YYGH\OnlineBusHos_YYGH.csproj", "{13C52AC8-9F89-4C3B-9EAE-FABB9E4B1C92}"
EndProject
Project("{9A19103F-16F7-4668-BE54-9A1E7A4F7556}") = "OnlineBusHos_OutHos", "OnlineBusHos\OnlineBusHos_OutHos\OnlineBusHos_OutHos.csproj", "{FFE48E63-E333-42F7-B75C-155EE7654761}"
EndProject
Project("{9A19103F-16F7-4668-BE54-9A1E7A4F7556}") = "OnlineBusHos_Tran", "OnlineBusHos\OnlineBusHos_Tran\OnlineBusHos_Tran.csproj", "{A67EFCC6-614D-4C89-A28F-35C543FF6B52}"
EndProject
Project("{9A19103F-16F7-4668-BE54-9A1E7A4F7556}") = "ZZJ_YYGH", "ZZJ_YYGH\ZZJ_YYGH.csproj", "{C32580C8-2E00-42CE-9147-BDA8283EC7CB}"
EndProject
Project("{9A19103F-16F7-4668-BE54-9A1E7A4F7556}") = "ZZJ_Report", "ZZJ_Report\ZZJ_Report.csproj", "{C49351BF-ACBC-4380-8A62-03D0AD31A7F5}"
EndProject
Project("{9A19103F-16F7-4668-BE54-9A1E7A4F7556}") = "ZZJ_Tran", "ZZJ_Tran\ZZJ_Tran.csproj", "{594AC9C4-02CE-4DC6-9DE1-EE2824E62BB4}"
EndProject
Project("{2150E333-8FDC-42A3-9474-1A3956D46DE8}") = "OnlineBusHos172", "OnlineBusHos172", "{763D65EA-4BDA-44FD-9E36-0EAAA184212B}"
EndProject
Project("{9A19103F-16F7-4668-BE54-9A1E7A4F7556}") = "OnlineBusHos172_Common", "OnlineBusHos_Common\OnlineBusHos172_Common.csproj", "{4547931C-6EC8-48AA-A75B-8B3558B18EFE}"
EndProject
Project("{9A19103F-16F7-4668-BE54-9A1E7A4F7556}") = "OnlineBusHos172_OutHos", "OnlineBusHos172_OutHos\OnlineBusHos172_OutHos.csproj", "{6EA93E7A-8014-4328-BE27-A4EB4E7E3079}"
EndProject
Project("{9A19103F-16F7-4668-BE54-9A1E7A4F7556}") = "OnlineBusHos172_Tran", "OnlineBusHos172_Tran\OnlineBusHos172_Tran.csproj", "{2D5FE9CE-752C-494D-A58F-5F25723B9D12}"
EndProject
Project("{9A19103F-16F7-4668-BE54-9A1E7A4F7556}") = "OnlineBusHos172_YYGH", "OnlineBusHos172_YYGH\OnlineBusHos172_YYGH.csproj", "{76CDEC23-6BCD-408B-99CC-81EA34238546}"
EndProject
Project("{9A19103F-16F7-4668-BE54-9A1E7A4F7556}") = "OnlineBusHos172_GJYB", "..\..\3PaaSZZJ\OnlineBusHos31_GJYB\OnlineBusHos172_GJYB.csproj", "{9408791F-C973-4C64-BFD5-EC9ABC2A566E}"
EndProject
Project("{9A19103F-16F7-4668-BE54-9A1E7A4F7556}") = "OnlineBusHos172_EInvoice", "OnlineBusHos172_EInvoice\OnlineBusHos172_EInvoice.csproj", "{34FC9AAF-CE2C-4DE2-AF35-F7D6947B1C57}"
EndProject
Project("{9A19103F-16F7-4668-BE54-9A1E7A4F7556}") = "OnlineBusHos172_Report", "OnlineBusHos172_Report\OnlineBusHos172_Report.csproj", "{5474FF97-A2DF-4122-BDC0-10285F2CC422}"
EndProject
Project("{2150E333-8FDC-42A3-9474-1A3956D46DE8}") = "OnlineBusHos36", "OnlineBusHos36", "{D16E8B98-8473-4494-9CFB-DB0E8560CAC2}"
EndProject
Project("{9A19103F-16F7-4668-BE54-9A1E7A4F7556}") = "OnlineBusHos36_YYGH", "OnlineBusHos36\OnlineBusHos36_YYGH\OnlineBusHos36_YYGH.csproj", "{0B2FF797-5DFF-4473-A84F-77BC0372F50F}"
EndProject
Project("{9A19103F-16F7-4668-BE54-9A1E7A4F7556}") = "OnlineBusHos36_Tran", "OnlineBusHos36\OnlineBusHos36_Tran\OnlineBusHos36_Tran.csproj", "{3C0EFBDD-03DB-49C9-8C94-47B428C62575}"
EndProject
Project("{9A19103F-16F7-4668-BE54-9A1E7A4F7556}") = "OnlineBusHos36_OutHos", "OnlineBusHos36\OnlineBusHos36_OutHos\OnlineBusHos36_OutHos.csproj", "{AE91D8EB-DA39-455C-BF7D-6C230CA37798}"
EndProject
Project("{9A19103F-16F7-4668-BE54-9A1E7A4F7556}") = "OnlineBusHos36_GJYB", "OnlineBusHos36\OnlineBusHos36_GJYB\OnlineBusHos36_GJYB.csproj", "{BCA1862A-E6FD-4642-B5FA-AF5D40F8EA91}"
EndProject
Project("{9A19103F-16F7-4668-BE54-9A1E7A4F7556}") = "OnlineBusHos36_Common", "OnlineBusHos36\OnlineBusHos36_Common\OnlineBusHos36_Common.csproj", "{4246572E-701F-487A-8DD2-A86893B30529}"
EndProject
Project("{9A19103F-16F7-4668-BE54-9A1E7A4F7556}") = "OnlineBusHos36_EInvoice", "OnlineBusHos36\OnlineBusHos36_EInvoice\OnlineBusHos36_EInvoice.csproj", "{E2DD524E-B333-467B-A11A-816F7013A9FC}"
EndProject
Project("{9A19103F-16F7-4668-BE54-9A1E7A4F7556}") = "OnlineBusHos36_InHos", "OnlineBusHos36\OnlineBusHos36_InHos\OnlineBusHos36_InHos.csproj", "{811C797E-0082-48D0-A4DA-6039CDDB770E}"
EndProject
Project("{2150E333-8FDC-42A3-9474-1A3956D46DE8}") = "OnlineBusHos44", "OnlineBusHos44", "{8C8278D7-E2FD-497E-8F1A-0F620D719340}"
EndProject
Project("{9A19103F-16F7-4668-BE54-9A1E7A4F7556}") = "OnlineBusHos44_InHos", "OnlineBusHos44\OnlineBusHos44_InHos\OnlineBusHos44_InHos.csproj", "{9BFE7CEF-1AF5-4143-8055-3BEE12F68E61}"
EndProject
Project("{9A19103F-16F7-4668-BE54-9A1E7A4F7556}") = "OnlineBusHos44_Common", "OnlineBusHos44\OnlineBusHos44_Common\OnlineBusHos44_Common.csproj", "{05A2AA2B-8ABD-40A7-AF6B-2CDF8122D6CD}"
EndProject
Project("{2150E333-8FDC-42A3-9474-1A3956D46DE8}") = "OnlineBusHos154", "OnlineBusHos154", "{CE3F9AC2-6067-4F76-8355-BF805D89B4AB}"
EndProject
Project("{9A19103F-16F7-4668-BE54-9A1E7A4F7556}") = "OnlineBusHos154_EInvoice", "OnlineBusHos154\OnlineBusHos154_EInvoice\OnlineBusHos154_EInvoice.csproj", "{EBBEF209-4C8A-4AAE-A6AF-853E93816175}"
EndProject
Project("{9A19103F-16F7-4668-BE54-9A1E7A4F7556}") = "OnlineBusHos36_Report", "OnlineBusHos36\OnlineBusHos36_Report\OnlineBusHos36_Report.csproj", "{86FE1BF2-F8AE-4EFC-98A9-36332DAEDFF6}"
EndProject
Project("{2150E333-8FDC-42A3-9474-1A3956D46DE8}") = "OnlineBusHos324", "OnlineBusHos324", "{613C6A73-27AE-4934-B481-2C3DF1B5E737}"
EndProject
Project("{9A19103F-16F7-4668-BE54-9A1E7A4F7556}") = "OnlineBusHos324_GJYB", "OnlineBusHos324\OnlineBusHos324_GJYB\OnlineBusHos324_GJYB.csproj", "{A23DF5F5-8062-4045-AE11-A66C33E649B4}"
EndProject
Project("{9A19103F-16F7-4668-BE54-9A1E7A4F7556}") = "OnlineBusHos324_Common", "OnlineBusHos324\OnlineBusHos324_Common\OnlineBusHos324_Common.csproj", "{65E8CF03-FE4C-4F48-9DA2-09FFA7D1E12B}"
EndProject
Project("{9A19103F-16F7-4668-BE54-9A1E7A4F7556}") = "OnlineBusHos324_YYGH", "OnlineBusHos324\OnlineBusHos324_YYGH\OnlineBusHos324_YYGH.csproj", "{954BDAFE-1C3B-4359-9C33-451E45224F6E}"
EndProject
Project("{9A19103F-16F7-4668-BE54-9A1E7A4F7556}") = "OnlineBusHos324_Tran", "OnlineBusHos324\OnlineBusHos324_Tran\OnlineBusHos324_Tran.csproj", "{DF2D5CA9-1927-4990-80B1-B27C89AF3597}"
EndProject
Project("{9A19103F-16F7-4668-BE54-9A1E7A4F7556}") = "OnlineBusHos324_OutHos", "OnlineBusHos324\OnlineBusHos324_OutHos\OnlineBusHos324_OutHos.csproj", "{713E81E7-D6F1-46A2-9E8F-18E7358E9780}"
EndProject
Project("{9A19103F-16F7-4668-BE54-9A1E7A4F7556}") = "OnlineBusHos324_InHos", "OnlineBusHos324\OnlineBusHos324_InHos\OnlineBusHos324_InHos.csproj", "{DD2F9727-23FD-4203-9186-54A82FF6FDC1}"
EndProject
Project("{9A19103F-16F7-4668-BE54-9A1E7A4F7556}") = "OnlineBusHos324_EInvoice", "OnlineBusHos324\OnlineBusHos324_EInvoice\OnlineBusHos324_EInvoice.csproj", "{DBDABF2F-D13B-4870-A5A4-63846B94EEAC}"
EndProject
Project("{9A19103F-16F7-4668-BE54-9A1E7A4F7556}") = "OnlineBusHos324_Report", "OnlineBusHos324\OnlineBusHos324_Report\OnlineBusHos324_Report.csproj", "{FCEB00FB-CE64-4E93-9B94-46FCB84F9465}"
EndProject
Project("{2150E333-8FDC-42A3-9474-1A3956D46DE8}") = "OnlineBusHos133", "OnlineBusHos133", "{7B0627E5-A7D8-4E30-A5AF-636BCAB48F39}"
EndProject
Project("{9A19103F-16F7-4668-BE54-9A1E7A4F7556}") = "OnlineBusHos133_EInvoice", "OnlineBusHos133\OnlineBusHos133_EInvoice\OnlineBusHos133_EInvoice.csproj", "{D031FE7C-7FD3-49C4-AD74-FFFE561E2673}"
EndProject
Project("{9A19103F-16F7-4668-BE54-9A1E7A4F7556}") = "OnlineBusHos133_Common", "OnlineBusHos133\OnlineBusHos133_Common\OnlineBusHos133_Common.csproj", "{8C8AD059-4CC4-4135-BC79-B780841E8F76}"
EndProject
Project("{9A19103F-16F7-4668-BE54-9A1E7A4F7556}") = "OnlineBusHos133_YYGH", "OnlineBusHos133\OnlineBusHos133_YYGH\OnlineBusHos133_YYGH.csproj", "{29636500-988E-42D1-ACD1-0A6418A66073}"
EndProject
Project("{9A19103F-16F7-4668-BE54-9A1E7A4F7556}") = "OnlineBusHos133_Tran", "OnlineBusHos133\OnlineBusHos133_Tran\OnlineBusHos133_Tran.csproj", "{0BECCD3D-D336-4D0A-95F9-4F784A105D44}"
EndProject
Project("{2150E333-8FDC-42A3-9474-1A3956D46DE8}") = "OnlineBusHos974", "OnlineBusHos974", "{4903C4EC-F15D-4822-8611-D2016A954952}"
EndProject
Project("{9A19103F-16F7-4668-BE54-9A1E7A4F7556}") = "OnlineBusHos974_EInvoice", "OnlineBusHos974\OnlineBusHos974_EInvoice\OnlineBusHos974_EInvoice.csproj", "{15612DC0-7A89-4F1D-9325-27E86506BF9B}"
EndProject
Project("{9A19103F-16F7-4668-BE54-9A1E7A4F7556}") = "OnlineBusHos44_Report", "OnlineBusHos44\OnlineBusHos44_Report\OnlineBusHos44_Report.csproj", "{ADD834E4-E0B3-4031-B69C-39B7F9B39E8F}"
EndProject
Project("{9A19103F-16F7-4668-BE54-9A1E7A4F7556}") = "OnlineBusHos133_OutHos", "OnlineBusHos133\OnlineBusHos133_OutHos\OnlineBusHos133_OutHos.csproj", "{CA6D667A-14A6-42FF-9AF7-56958697C974}"
EndProject
Project("{9A19103F-16F7-4668-BE54-9A1E7A4F7556}") = "OnlineBusHos133_Report", "OnlineBusHos133\OnlineBusHos133_Report\OnlineBusHos133_Report.csproj", "{743A1B33-D721-4B1E-9634-C4EA3B75878C}"
EndProject
Project("{2150E333-8FDC-42A3-9474-1A3956D46DE8}") = "OnlineBusHos1037", "OnlineBusHos1037", "{B2B53F84-A70B-4479-8244-33455DE4C0B6}"
EndProject
Project("{9A19103F-16F7-4668-BE54-9A1E7A4F7556}") = "OnlineBusHos1037_EInvoice", "OnlineBusHos1037\OnlineBusHos1037_EInvoice\OnlineBusHos1037_EInvoice.csproj", "{1BFBA3BF-9FB7-4FE3-802A-9D23B0A48579}"
EndProject
Project("{9A19103F-16F7-4668-BE54-9A1E7A4F7556}") = "OnlineBusHos133_InHos", "OnlineBusHos133\OnlineBusHos133_InHos\OnlineBusHos133_InHos.csproj", "{30F26489-EE12-43BB-BB45-2E4F60D0C527}"
EndProject
Project("{2150E333-8FDC-42A3-9474-1A3956D46DE8}") = "OnlineBusHos319", "OnlineBusHos319", "{B29F80AA-5B93-4AD5-AB44-244C24761F68}"
EndProject
Project("{9A19103F-16F7-4668-BE54-9A1E7A4F7556}") = "OnlineBusHos319_EInvoice", "OnlineBusHos319\OnlineBusHos319_EInvoice\OnlineBusHos319_EInvoice.csproj", "{001CF201-D246-44F4-9556-2A747CD668A9}"
EndProject
Project("{9A19103F-16F7-4668-BE54-9A1E7A4F7556}") = "OnlineBusHos319_Common", "OnlineBusHos319\OnlineBusHos319_Common\OnlineBusHos319_Common.csproj", "{DC17E76F-DD2D-491C-9ECB-05514948E441}"
EndProject
Project("{9A19103F-16F7-4668-BE54-9A1E7A4F7556}") = "OnlineBusHos319_GJYB", "OnlineBusHos319\OnlineBusHos319_GJYB\OnlineBusHos319_GJYB.csproj", "{9B9B5CF1-4F98-401C-942A-B05479CCD4BA}"
EndProject
Project("{9A19103F-16F7-4668-BE54-9A1E7A4F7556}") = "OnlineBusHos319_YYGH", "OnlineBusHos319\OnlineBusHos319_YYGH\OnlineBusHos319_YYGH.csproj", "{C5569DC1-2649-4B30-B7B3-AE63EAB35B51}"
EndProject
Project("{9A19103F-16F7-4668-BE54-9A1E7A4F7556}") = "ECNYOfICBCPayBusNJ", "..\..\公司平台\PaaS整合自助机和医保平台包含websocke和http(业务dll需要更新引用命名空间)\ECNYOfICBCPayBusNJ\ECNYOfICBCPayBusNJ.csproj", "{FEEB6711-E851-4235-957B-F04535C2F8EB}"
EndProject
Project("{9A19103F-16F7-4668-BE54-9A1E7A4F7556}") = "OnlineBusHos319_Tran", "OnlineBusHos319\OnlineBusHos319_Tran\OnlineBusHos319_Tran.csproj", "{4B05CAA5-DEDC-4750-AC7A-57E3DD0F3AE6}"
EndProject
Project("{9A19103F-16F7-4668-BE54-9A1E7A4F7556}") = "OnlineBusHos44_Tran", "OnlineBusHos44\OnlineBusHos44_Tran\OnlineBusHos44_Tran.csproj", "{A30A804C-FC2D-40F9-AA52-3D058CAECC47}"
EndProject
Project("{9A19103F-16F7-4668-BE54-9A1E7A4F7556}") = "OnlineBusHos319_OutHos", "OnlineBusHos319\OnlineBusHos319_OutHos\OnlineBusHos319_OutHos.csproj", "{E7424486-864D-484F-AB63-FD70AB55B3D1}"
EndProject
Project("{2150E333-8FDC-42A3-9474-1A3956D46DE8}") = "OnlineBusHos244", "OnlineBusHos244", "{6AE1A3E5-DB02-4BDF-A9F6-6A239C725D4F}"
EndProject
Project("{9A19103F-16F7-4668-BE54-9A1E7A4F7556}") = "OnlineBusHos244_Common", "OnlineBusHos244\OnlineBusHos244_Common\OnlineBusHos244_Common.csproj", "{5B137111-8EA9-4A95-BCE4-D6F3BE666D0C}"
EndProject
Project("{9A19103F-16F7-4668-BE54-9A1E7A4F7556}") = "OnlineBusHos244_YYGH", "OnlineBusHos244\OnlineBusHos244_YYGH\OnlineBusHos244_YYGH.csproj", "{1D5911C9-BD00-499C-9E93-7332DE1AFB33}"
EndProject
Project("{9A19103F-16F7-4668-BE54-9A1E7A4F7556}") = "OnlineBusHos244_GJYB", "OnlineBusHos244\OnlineBusHos244_GJYB\OnlineBusHos244_GJYB.csproj", "{5EB08CB7-E403-4795-9B35-D2DACF8CD510}"
EndProject
Project("{9A19103F-16F7-4668-BE54-9A1E7A4F7556}") = "OnlineBusHos244_Report", "OnlineBusHos244\OnlineBusHos244_Report\OnlineBusHos244_Report.csproj", "{1EC73073-95A6-4502-A87F-77D21B9ECFA8}"
EndProject
Project("{9A19103F-16F7-4668-BE54-9A1E7A4F7556}") = "OnlineBusHos244_OutHos", "OnlineBusHos244\OnlineBusHos244_OutHos\OnlineBusHos244_OutHos.csproj", "{6026E292-C276-4805-8012-13B5A8C7E37F}"
EndProject
Project("{9A19103F-16F7-4668-BE54-9A1E7A4F7556}") = "OnlineBusHos244_EInvoice", "OnlineBusHos244\OnlineBusHos244_EInvoice\OnlineBusHos244_EInvoice.csproj", "{CA0349BD-CE2D-4B76-9416-75479625487A}"
EndProject
Project("{9A19103F-16F7-4668-BE54-9A1E7A4F7556}") = "OnlineBusHos244_Tran", "OnlineBusHos244\OnlineBusHos244_Tran\OnlineBusHos244_Tran.csproj", "{A089E28D-3865-4FDF-BE8A-53357A5689F4}"
EndProject
Project("{9A19103F-16F7-4668-BE54-9A1E7A4F7556}") = "OnlineBusHos244_InHos", "OnlineBusHos244\OnlineBusHos244_InHos\OnlineBusHos244_InHos.csproj", "{AF623871-9C40-41B4-8754-931AD6BB6E1E}"
EndProject
Project("{9A19103F-16F7-4668-BE54-9A1E7A4F7556}") = "OnlineBusHos44_EInvoice", "OnlineBusHos44\OnlineBusHos44_EInvoice\OnlineBusHos44_EInvoice.csproj", "{BA6A57DE-FE10-489C-9D8E-18794D638103}"
EndProject
Global
	GlobalSection(SolutionConfigurationPlatforms) = preSolution
		Debug|Any CPU = Debug|Any CPU
		Release|Any CPU = Release|Any CPU
	EndGlobalSection
	GlobalSection(ProjectConfigurationPlatforms) = postSolution
		{029CF056-C238-46B5-8CAE-4409325CFBD8}.Debug|Any CPU.ActiveCfg = Debug|Any CPU
		{029CF056-C238-46B5-8CAE-4409325CFBD8}.Debug|Any CPU.Build.0 = Debug|Any CPU
		{029CF056-C238-46B5-8CAE-4409325CFBD8}.Release|Any CPU.ActiveCfg = Release|Any CPU
		{029CF056-C238-46B5-8CAE-4409325CFBD8}.Release|Any CPU.Build.0 = Release|Any CPU
		{09C4BEF9-0123-4A98-A169-71242DEEE86C}.Debug|Any CPU.ActiveCfg = Debug|Any CPU
		{09C4BEF9-0123-4A98-A169-71242DEEE86C}.Debug|Any CPU.Build.0 = Debug|Any CPU
		{09C4BEF9-0123-4A98-A169-71242DEEE86C}.Release|Any CPU.ActiveCfg = Release|Any CPU
		{09C4BEF9-0123-4A98-A169-71242DEEE86C}.Release|Any CPU.Build.0 = Release|Any CPU
		{A033E559-9733-4E76-9482-9FB2A7296FE6}.Debug|Any CPU.ActiveCfg = Debug|Any CPU
		{A033E559-9733-4E76-9482-9FB2A7296FE6}.Debug|Any CPU.Build.0 = Debug|Any CPU
		{A033E559-9733-4E76-9482-9FB2A7296FE6}.Release|Any CPU.ActiveCfg = Release|Any CPU
		{A033E559-9733-4E76-9482-9FB2A7296FE6}.Release|Any CPU.Build.0 = Release|Any CPU
		{0966BC76-A7C3-42B2-A5E2-BE13E3D0E4F0}.Debug|Any CPU.ActiveCfg = Debug|Any CPU
		{0966BC76-A7C3-42B2-A5E2-BE13E3D0E4F0}.Debug|Any CPU.Build.0 = Debug|Any CPU
		{0966BC76-A7C3-42B2-A5E2-BE13E3D0E4F0}.Release|Any CPU.ActiveCfg = Release|Any CPU
		{0966BC76-A7C3-42B2-A5E2-BE13E3D0E4F0}.Release|Any CPU.Build.0 = Release|Any CPU
		{112F0D67-AD69-4DD4-95E5-CDC98967F539}.Debug|Any CPU.ActiveCfg = Debug|Any CPU
		{112F0D67-AD69-4DD4-95E5-CDC98967F539}.Debug|Any CPU.Build.0 = Debug|Any CPU
		{112F0D67-AD69-4DD4-95E5-CDC98967F539}.Release|Any CPU.ActiveCfg = Release|Any CPU
		{112F0D67-AD69-4DD4-95E5-CDC98967F539}.Release|Any CPU.Build.0 = Release|Any CPU
		{075DBF33-CB11-4D72-9A13-5A182BF9A96F}.Debug|Any CPU.ActiveCfg = Debug|Any CPU
		{075DBF33-CB11-4D72-9A13-5A182BF9A96F}.Debug|Any CPU.Build.0 = Debug|Any CPU
		{075DBF33-CB11-4D72-9A13-5A182BF9A96F}.Release|Any CPU.ActiveCfg = Release|Any CPU
		{075DBF33-CB11-4D72-9A13-5A182BF9A96F}.Release|Any CPU.Build.0 = Release|Any CPU
		{A6F73262-5C99-47B1-B5FB-4338A8FE5F5A}.Debug|Any CPU.ActiveCfg = Debug|Any CPU
		{A6F73262-5C99-47B1-B5FB-4338A8FE5F5A}.Debug|Any CPU.Build.0 = Debug|Any CPU
		{A6F73262-5C99-47B1-B5FB-4338A8FE5F5A}.Release|Any CPU.ActiveCfg = Release|Any CPU
		{A6F73262-5C99-47B1-B5FB-4338A8FE5F5A}.Release|Any CPU.Build.0 = Release|Any CPU
		{90283A7D-99F5-49FE-9B05-528286F9EF5C}.Debug|Any CPU.ActiveCfg = Debug|Any CPU
		{90283A7D-99F5-49FE-9B05-528286F9EF5C}.Debug|Any CPU.Build.0 = Debug|Any CPU
		{90283A7D-99F5-49FE-9B05-528286F9EF5C}.Release|Any CPU.ActiveCfg = Release|Any CPU
		{90283A7D-99F5-49FE-9B05-528286F9EF5C}.Release|Any CPU.Build.0 = Release|Any CPU
		{A0901AB0-B295-455A-A86D-425BB9226379}.Debug|Any CPU.ActiveCfg = Debug|Any CPU
		{A0901AB0-B295-455A-A86D-425BB9226379}.Debug|Any CPU.Build.0 = Debug|Any CPU
		{A0901AB0-B295-455A-A86D-425BB9226379}.Release|Any CPU.ActiveCfg = Release|Any CPU
		{A0901AB0-B295-455A-A86D-425BB9226379}.Release|Any CPU.Build.0 = Release|Any CPU
		{8944E054-9B9B-46C1-A30B-78E77A547BB0}.Debug|Any CPU.ActiveCfg = Debug|Any CPU
		{8944E054-9B9B-46C1-A30B-78E77A547BB0}.Debug|Any CPU.Build.0 = Debug|Any CPU
		{8944E054-9B9B-46C1-A30B-78E77A547BB0}.Release|Any CPU.ActiveCfg = Release|Any CPU
		{8944E054-9B9B-46C1-A30B-78E77A547BB0}.Release|Any CPU.Build.0 = Release|Any CPU
		{47D603A1-8B09-47D5-AADF-261227AC42F3}.Debug|Any CPU.ActiveCfg = Debug|Any CPU
		{47D603A1-8B09-47D5-AADF-261227AC42F3}.Debug|Any CPU.Build.0 = Debug|Any CPU
		{47D603A1-8B09-47D5-AADF-261227AC42F3}.Release|Any CPU.ActiveCfg = Release|Any CPU
		{47D603A1-8B09-47D5-AADF-261227AC42F3}.Release|Any CPU.Build.0 = Release|Any CPU
		{D5D3B528-948E-4AD7-8B9D-29924B54159C}.Debug|Any CPU.ActiveCfg = Debug|Any CPU
		{D5D3B528-948E-4AD7-8B9D-29924B54159C}.Debug|Any CPU.Build.0 = Debug|Any CPU
		{D5D3B528-948E-4AD7-8B9D-29924B54159C}.Release|Any CPU.ActiveCfg = Release|Any CPU
		{D5D3B528-948E-4AD7-8B9D-29924B54159C}.Release|Any CPU.Build.0 = Release|Any CPU
		{E4BED6B0-79AD-4DE4-BFDE-682C6261EFED}.Debug|Any CPU.ActiveCfg = Debug|Any CPU
		{E4BED6B0-79AD-4DE4-BFDE-682C6261EFED}.Debug|Any CPU.Build.0 = Debug|Any CPU
		{E4BED6B0-79AD-4DE4-BFDE-682C6261EFED}.Release|Any CPU.ActiveCfg = Release|Any CPU
		{E4BED6B0-79AD-4DE4-BFDE-682C6261EFED}.Release|Any CPU.Build.0 = Release|Any CPU
		{8C1E9F6E-3BB5-4180-8490-699F9E4BADAE}.Debug|Any CPU.ActiveCfg = Debug|Any CPU
		{8C1E9F6E-3BB5-4180-8490-699F9E4BADAE}.Debug|Any CPU.Build.0 = Debug|Any CPU
		{8C1E9F6E-3BB5-4180-8490-699F9E4BADAE}.Release|Any CPU.ActiveCfg = Release|Any CPU
		{8C1E9F6E-3BB5-4180-8490-699F9E4BADAE}.Release|Any CPU.Build.0 = Release|Any CPU
		{08ACDB3F-058D-487C-B488-B28A7A40811F}.Debug|Any CPU.ActiveCfg = Debug|Any CPU
		{08ACDB3F-058D-487C-B488-B28A7A40811F}.Debug|Any CPU.Build.0 = Debug|Any CPU
		{08ACDB3F-058D-487C-B488-B28A7A40811F}.Release|Any CPU.ActiveCfg = Release|Any CPU
		{08ACDB3F-058D-487C-B488-B28A7A40811F}.Release|Any CPU.Build.0 = Release|Any CPU
		{D5C62D0F-6F42-45A2-8E7C-2919F9355321}.Debug|Any CPU.ActiveCfg = Debug|Any CPU
		{D5C62D0F-6F42-45A2-8E7C-2919F9355321}.Debug|Any CPU.Build.0 = Debug|Any CPU
		{D5C62D0F-6F42-45A2-8E7C-2919F9355321}.Release|Any CPU.ActiveCfg = Release|Any CPU
		{D5C62D0F-6F42-45A2-8E7C-2919F9355321}.Release|Any CPU.Build.0 = Release|Any CPU
		{1C6E7335-AFF7-4B9D-A704-020961BEC174}.Debug|Any CPU.ActiveCfg = Debug|Any CPU
		{1C6E7335-AFF7-4B9D-A704-020961BEC174}.Debug|Any CPU.Build.0 = Debug|Any CPU
		{1C6E7335-AFF7-4B9D-A704-020961BEC174}.Release|Any CPU.ActiveCfg = Release|Any CPU
		{1C6E7335-AFF7-4B9D-A704-020961BEC174}.Release|Any CPU.Build.0 = Release|Any CPU
		{1184BBF6-9BE7-437B-9219-4A5F723D6151}.Debug|Any CPU.ActiveCfg = Debug|Any CPU
		{1184BBF6-9BE7-437B-9219-4A5F723D6151}.Debug|Any CPU.Build.0 = Debug|Any CPU
		{1184BBF6-9BE7-437B-9219-4A5F723D6151}.Release|Any CPU.ActiveCfg = Release|Any CPU
		{1184BBF6-9BE7-437B-9219-4A5F723D6151}.Release|Any CPU.Build.0 = Release|Any CPU
		{B4ADD8B3-D3C5-4AC4-8E09-085ED7980DA2}.Debug|Any CPU.ActiveCfg = Debug|Any CPU
		{B4ADD8B3-D3C5-4AC4-8E09-085ED7980DA2}.Debug|Any CPU.Build.0 = Debug|Any CPU
		{B4ADD8B3-D3C5-4AC4-8E09-085ED7980DA2}.Release|Any CPU.ActiveCfg = Release|Any CPU
		{B4ADD8B3-D3C5-4AC4-8E09-085ED7980DA2}.Release|Any CPU.Build.0 = Release|Any CPU
		{04F78747-5C50-44B8-B25E-F4CBA68442AF}.Debug|Any CPU.ActiveCfg = Debug|Any CPU
		{04F78747-5C50-44B8-B25E-F4CBA68442AF}.Debug|Any CPU.Build.0 = Debug|Any CPU
		{04F78747-5C50-44B8-B25E-F4CBA68442AF}.Release|Any CPU.ActiveCfg = Release|Any CPU
		{04F78747-5C50-44B8-B25E-F4CBA68442AF}.Release|Any CPU.Build.0 = Release|Any CPU
		{0A407D79-3246-48A1-AC68-68D75774239E}.Debug|Any CPU.ActiveCfg = Debug|Any CPU
		{0A407D79-3246-48A1-AC68-68D75774239E}.Debug|Any CPU.Build.0 = Debug|Any CPU
		{0A407D79-3246-48A1-AC68-68D75774239E}.Release|Any CPU.ActiveCfg = Release|Any CPU
		{0A407D79-3246-48A1-AC68-68D75774239E}.Release|Any CPU.Build.0 = Release|Any CPU
		{13C52AC8-9F89-4C3B-9EAE-FABB9E4B1C92}.Debug|Any CPU.ActiveCfg = Debug|Any CPU
		{13C52AC8-9F89-4C3B-9EAE-FABB9E4B1C92}.Debug|Any CPU.Build.0 = Debug|Any CPU
		{13C52AC8-9F89-4C3B-9EAE-FABB9E4B1C92}.Release|Any CPU.ActiveCfg = Release|Any CPU
		{13C52AC8-9F89-4C3B-9EAE-FABB9E4B1C92}.Release|Any CPU.Build.0 = Release|Any CPU
		{FFE48E63-E333-42F7-B75C-155EE7654761}.Debug|Any CPU.ActiveCfg = Debug|Any CPU
		{FFE48E63-E333-42F7-B75C-155EE7654761}.Debug|Any CPU.Build.0 = Debug|Any CPU
		{FFE48E63-E333-42F7-B75C-155EE7654761}.Release|Any CPU.ActiveCfg = Release|Any CPU
		{FFE48E63-E333-42F7-B75C-155EE7654761}.Release|Any CPU.Build.0 = Release|Any CPU
		{A67EFCC6-614D-4C89-A28F-35C543FF6B52}.Debug|Any CPU.ActiveCfg = Debug|Any CPU
		{A67EFCC6-614D-4C89-A28F-35C543FF6B52}.Debug|Any CPU.Build.0 = Debug|Any CPU
		{A67EFCC6-614D-4C89-A28F-35C543FF6B52}.Release|Any CPU.ActiveCfg = Release|Any CPU
		{A67EFCC6-614D-4C89-A28F-35C543FF6B52}.Release|Any CPU.Build.0 = Release|Any CPU
		{C32580C8-2E00-42CE-9147-BDA8283EC7CB}.Debug|Any CPU.ActiveCfg = Debug|Any CPU
		{C32580C8-2E00-42CE-9147-BDA8283EC7CB}.Debug|Any CPU.Build.0 = Debug|Any CPU
		{C32580C8-2E00-42CE-9147-BDA8283EC7CB}.Release|Any CPU.ActiveCfg = Release|Any CPU
		{C32580C8-2E00-42CE-9147-BDA8283EC7CB}.Release|Any CPU.Build.0 = Release|Any CPU
		{C49351BF-ACBC-4380-8A62-03D0AD31A7F5}.Debug|Any CPU.ActiveCfg = Debug|Any CPU
		{C49351BF-ACBC-4380-8A62-03D0AD31A7F5}.Debug|Any CPU.Build.0 = Debug|Any CPU
		{C49351BF-ACBC-4380-8A62-03D0AD31A7F5}.Release|Any CPU.ActiveCfg = Release|Any CPU
		{C49351BF-ACBC-4380-8A62-03D0AD31A7F5}.Release|Any CPU.Build.0 = Release|Any CPU
		{594AC9C4-02CE-4DC6-9DE1-EE2824E62BB4}.Debug|Any CPU.ActiveCfg = Debug|Any CPU
		{594AC9C4-02CE-4DC6-9DE1-EE2824E62BB4}.Debug|Any CPU.Build.0 = Debug|Any CPU
		{594AC9C4-02CE-4DC6-9DE1-EE2824E62BB4}.Release|Any CPU.ActiveCfg = Release|Any CPU
		{594AC9C4-02CE-4DC6-9DE1-EE2824E62BB4}.Release|Any CPU.Build.0 = Release|Any CPU
		{4547931C-6EC8-48AA-A75B-8B3558B18EFE}.Debug|Any CPU.ActiveCfg = Debug|Any CPU
		{4547931C-6EC8-48AA-A75B-8B3558B18EFE}.Debug|Any CPU.Build.0 = Debug|Any CPU
		{4547931C-6EC8-48AA-A75B-8B3558B18EFE}.Release|Any CPU.ActiveCfg = Release|Any CPU
		{4547931C-6EC8-48AA-A75B-8B3558B18EFE}.Release|Any CPU.Build.0 = Release|Any CPU
		{6EA93E7A-8014-4328-BE27-A4EB4E7E3079}.Debug|Any CPU.ActiveCfg = Debug|Any CPU
		{6EA93E7A-8014-4328-BE27-A4EB4E7E3079}.Debug|Any CPU.Build.0 = Debug|Any CPU
		{6EA93E7A-8014-4328-BE27-A4EB4E7E3079}.Release|Any CPU.ActiveCfg = Release|Any CPU
		{6EA93E7A-8014-4328-BE27-A4EB4E7E3079}.Release|Any CPU.Build.0 = Release|Any CPU
		{2D5FE9CE-752C-494D-A58F-5F25723B9D12}.Debug|Any CPU.ActiveCfg = Debug|Any CPU
		{2D5FE9CE-752C-494D-A58F-5F25723B9D12}.Debug|Any CPU.Build.0 = Debug|Any CPU
		{2D5FE9CE-752C-494D-A58F-5F25723B9D12}.Release|Any CPU.ActiveCfg = Release|Any CPU
		{2D5FE9CE-752C-494D-A58F-5F25723B9D12}.Release|Any CPU.Build.0 = Release|Any CPU
		{76CDEC23-6BCD-408B-99CC-81EA34238546}.Debug|Any CPU.ActiveCfg = Debug|Any CPU
		{76CDEC23-6BCD-408B-99CC-81EA34238546}.Debug|Any CPU.Build.0 = Debug|Any CPU
		{76CDEC23-6BCD-408B-99CC-81EA34238546}.Release|Any CPU.ActiveCfg = Release|Any CPU
		{76CDEC23-6BCD-408B-99CC-81EA34238546}.Release|Any CPU.Build.0 = Release|Any CPU
		{9408791F-C973-4C64-BFD5-EC9ABC2A566E}.Debug|Any CPU.ActiveCfg = Debug|Any CPU
		{9408791F-C973-4C64-BFD5-EC9ABC2A566E}.Debug|Any CPU.Build.0 = Debug|Any CPU
		{9408791F-C973-4C64-BFD5-EC9ABC2A566E}.Release|Any CPU.ActiveCfg = Release|Any CPU
		{9408791F-C973-4C64-BFD5-EC9ABC2A566E}.Release|Any CPU.Build.0 = Release|Any CPU
		{34FC9AAF-CE2C-4DE2-AF35-F7D6947B1C57}.Debug|Any CPU.ActiveCfg = Debug|Any CPU
		{34FC9AAF-CE2C-4DE2-AF35-F7D6947B1C57}.Debug|Any CPU.Build.0 = Debug|Any CPU
		{34FC9AAF-CE2C-4DE2-AF35-F7D6947B1C57}.Release|Any CPU.ActiveCfg = Release|Any CPU
		{34FC9AAF-CE2C-4DE2-AF35-F7D6947B1C57}.Release|Any CPU.Build.0 = Release|Any CPU
		{5474FF97-A2DF-4122-BDC0-10285F2CC422}.Debug|Any CPU.ActiveCfg = Debug|Any CPU
		{5474FF97-A2DF-4122-BDC0-10285F2CC422}.Debug|Any CPU.Build.0 = Debug|Any CPU
		{5474FF97-A2DF-4122-BDC0-10285F2CC422}.Release|Any CPU.ActiveCfg = Release|Any CPU
		{5474FF97-A2DF-4122-BDC0-10285F2CC422}.Release|Any CPU.Build.0 = Release|Any CPU
		{0B2FF797-5DFF-4473-A84F-77BC0372F50F}.Debug|Any CPU.ActiveCfg = Debug|Any CPU
		{0B2FF797-5DFF-4473-A84F-77BC0372F50F}.Debug|Any CPU.Build.0 = Debug|Any CPU
		{0B2FF797-5DFF-4473-A84F-77BC0372F50F}.Release|Any CPU.ActiveCfg = Release|Any CPU
		{0B2FF797-5DFF-4473-A84F-77BC0372F50F}.Release|Any CPU.Build.0 = Release|Any CPU
		{3C0EFBDD-03DB-49C9-8C94-47B428C62575}.Debug|Any CPU.ActiveCfg = Debug|Any CPU
		{3C0EFBDD-03DB-49C9-8C94-47B428C62575}.Debug|Any CPU.Build.0 = Debug|Any CPU
		{3C0EFBDD-03DB-49C9-8C94-47B428C62575}.Release|Any CPU.ActiveCfg = Release|Any CPU
		{3C0EFBDD-03DB-49C9-8C94-47B428C62575}.Release|Any CPU.Build.0 = Release|Any CPU
		{AE91D8EB-DA39-455C-BF7D-6C230CA37798}.Debug|Any CPU.ActiveCfg = Debug|Any CPU
		{AE91D8EB-DA39-455C-BF7D-6C230CA37798}.Debug|Any CPU.Build.0 = Debug|Any CPU
		{AE91D8EB-DA39-455C-BF7D-6C230CA37798}.Release|Any CPU.ActiveCfg = Release|Any CPU
		{AE91D8EB-DA39-455C-BF7D-6C230CA37798}.Release|Any CPU.Build.0 = Release|Any CPU
		{BCA1862A-E6FD-4642-B5FA-AF5D40F8EA91}.Debug|Any CPU.ActiveCfg = Debug|Any CPU
		{BCA1862A-E6FD-4642-B5FA-AF5D40F8EA91}.Debug|Any CPU.Build.0 = Debug|Any CPU
		{BCA1862A-E6FD-4642-B5FA-AF5D40F8EA91}.Release|Any CPU.ActiveCfg = Release|Any CPU
		{BCA1862A-E6FD-4642-B5FA-AF5D40F8EA91}.Release|Any CPU.Build.0 = Release|Any CPU
		{4246572E-701F-487A-8DD2-A86893B30529}.Debug|Any CPU.ActiveCfg = Debug|Any CPU
		{4246572E-701F-487A-8DD2-A86893B30529}.Debug|Any CPU.Build.0 = Debug|Any CPU
		{4246572E-701F-487A-8DD2-A86893B30529}.Release|Any CPU.ActiveCfg = Release|Any CPU
		{4246572E-701F-487A-8DD2-A86893B30529}.Release|Any CPU.Build.0 = Release|Any CPU
		{E2DD524E-B333-467B-A11A-816F7013A9FC}.Debug|Any CPU.ActiveCfg = Debug|Any CPU
		{E2DD524E-B333-467B-A11A-816F7013A9FC}.Debug|Any CPU.Build.0 = Debug|Any CPU
		{E2DD524E-B333-467B-A11A-816F7013A9FC}.Release|Any CPU.ActiveCfg = Release|Any CPU
		{E2DD524E-B333-467B-A11A-816F7013A9FC}.Release|Any CPU.Build.0 = Release|Any CPU
		{811C797E-0082-48D0-A4DA-6039CDDB770E}.Debug|Any CPU.ActiveCfg = Debug|Any CPU
		{811C797E-0082-48D0-A4DA-6039CDDB770E}.Debug|Any CPU.Build.0 = Debug|Any CPU
		{811C797E-0082-48D0-A4DA-6039CDDB770E}.Release|Any CPU.ActiveCfg = Release|Any CPU
		{811C797E-0082-48D0-A4DA-6039CDDB770E}.Release|Any CPU.Build.0 = Release|Any CPU
		{9BFE7CEF-1AF5-4143-8055-3BEE12F68E61}.Debug|Any CPU.ActiveCfg = Debug|Any CPU
		{9BFE7CEF-1AF5-4143-8055-3BEE12F68E61}.Debug|Any CPU.Build.0 = Debug|Any CPU
		{9BFE7CEF-1AF5-4143-8055-3BEE12F68E61}.Release|Any CPU.ActiveCfg = Release|Any CPU
		{9BFE7CEF-1AF5-4143-8055-3BEE12F68E61}.Release|Any CPU.Build.0 = Release|Any CPU
		{05A2AA2B-8ABD-40A7-AF6B-2CDF8122D6CD}.Debug|Any CPU.ActiveCfg = Debug|Any CPU
		{05A2AA2B-8ABD-40A7-AF6B-2CDF8122D6CD}.Debug|Any CPU.Build.0 = Debug|Any CPU
		{05A2AA2B-8ABD-40A7-AF6B-2CDF8122D6CD}.Release|Any CPU.ActiveCfg = Release|Any CPU
		{05A2AA2B-8ABD-40A7-AF6B-2CDF8122D6CD}.Release|Any CPU.Build.0 = Release|Any CPU
		{EBBEF209-4C8A-4AAE-A6AF-853E93816175}.Debug|Any CPU.ActiveCfg = Debug|Any CPU
		{EBBEF209-4C8A-4AAE-A6AF-853E93816175}.Debug|Any CPU.Build.0 = Debug|Any CPU
		{EBBEF209-4C8A-4AAE-A6AF-853E93816175}.Release|Any CPU.ActiveCfg = Release|Any CPU
		{EBBEF209-4C8A-4AAE-A6AF-853E93816175}.Release|Any CPU.Build.0 = Release|Any CPU
		{86FE1BF2-F8AE-4EFC-98A9-36332DAEDFF6}.Debug|Any CPU.ActiveCfg = Debug|Any CPU
		{86FE1BF2-F8AE-4EFC-98A9-36332DAEDFF6}.Debug|Any CPU.Build.0 = Debug|Any CPU
		{86FE1BF2-F8AE-4EFC-98A9-36332DAEDFF6}.Release|Any CPU.ActiveCfg = Release|Any CPU
		{86FE1BF2-F8AE-4EFC-98A9-36332DAEDFF6}.Release|Any CPU.Build.0 = Release|Any CPU
		{A23DF5F5-8062-4045-AE11-A66C33E649B4}.Debug|Any CPU.ActiveCfg = Debug|Any CPU
		{A23DF5F5-8062-4045-AE11-A66C33E649B4}.Debug|Any CPU.Build.0 = Debug|Any CPU
		{A23DF5F5-8062-4045-AE11-A66C33E649B4}.Release|Any CPU.ActiveCfg = Release|Any CPU
		{A23DF5F5-8062-4045-AE11-A66C33E649B4}.Release|Any CPU.Build.0 = Release|Any CPU
		{65E8CF03-FE4C-4F48-9DA2-09FFA7D1E12B}.Debug|Any CPU.ActiveCfg = Debug|Any CPU
		{65E8CF03-FE4C-4F48-9DA2-09FFA7D1E12B}.Debug|Any CPU.Build.0 = Debug|Any CPU
		{65E8CF03-FE4C-4F48-9DA2-09FFA7D1E12B}.Release|Any CPU.ActiveCfg = Release|Any CPU
		{65E8CF03-FE4C-4F48-9DA2-09FFA7D1E12B}.Release|Any CPU.Build.0 = Release|Any CPU
		{954BDAFE-1C3B-4359-9C33-451E45224F6E}.Debug|Any CPU.ActiveCfg = Debug|Any CPU
		{954BDAFE-1C3B-4359-9C33-451E45224F6E}.Debug|Any CPU.Build.0 = Debug|Any CPU
		{954BDAFE-1C3B-4359-9C33-451E45224F6E}.Release|Any CPU.ActiveCfg = Release|Any CPU
		{954BDAFE-1C3B-4359-9C33-451E45224F6E}.Release|Any CPU.Build.0 = Release|Any CPU
		{DF2D5CA9-1927-4990-80B1-B27C89AF3597}.Debug|Any CPU.ActiveCfg = Debug|Any CPU
		{DF2D5CA9-1927-4990-80B1-B27C89AF3597}.Debug|Any CPU.Build.0 = Debug|Any CPU
		{DF2D5CA9-1927-4990-80B1-B27C89AF3597}.Release|Any CPU.ActiveCfg = Release|Any CPU
		{DF2D5CA9-1927-4990-80B1-B27C89AF3597}.Release|Any CPU.Build.0 = Release|Any CPU
		{713E81E7-D6F1-46A2-9E8F-18E7358E9780}.Debug|Any CPU.ActiveCfg = Debug|Any CPU
		{713E81E7-D6F1-46A2-9E8F-18E7358E9780}.Debug|Any CPU.Build.0 = Debug|Any CPU
		{713E81E7-D6F1-46A2-9E8F-18E7358E9780}.Release|Any CPU.ActiveCfg = Release|Any CPU
		{713E81E7-D6F1-46A2-9E8F-18E7358E9780}.Release|Any CPU.Build.0 = Release|Any CPU
		{DD2F9727-23FD-4203-9186-54A82FF6FDC1}.Debug|Any CPU.ActiveCfg = Debug|Any CPU
		{DD2F9727-23FD-4203-9186-54A82FF6FDC1}.Debug|Any CPU.Build.0 = Debug|Any CPU
		{DD2F9727-23FD-4203-9186-54A82FF6FDC1}.Release|Any CPU.ActiveCfg = Release|Any CPU
		{DD2F9727-23FD-4203-9186-54A82FF6FDC1}.Release|Any CPU.Build.0 = Release|Any CPU
		{DBDABF2F-D13B-4870-A5A4-63846B94EEAC}.Debug|Any CPU.ActiveCfg = Debug|Any CPU
		{DBDABF2F-D13B-4870-A5A4-63846B94EEAC}.Debug|Any CPU.Build.0 = Debug|Any CPU
		{DBDABF2F-D13B-4870-A5A4-63846B94EEAC}.Release|Any CPU.ActiveCfg = Release|Any CPU
		{DBDABF2F-D13B-4870-A5A4-63846B94EEAC}.Release|Any CPU.Build.0 = Release|Any CPU
		{FCEB00FB-CE64-4E93-9B94-46FCB84F9465}.Debug|Any CPU.ActiveCfg = Debug|Any CPU
		{FCEB00FB-CE64-4E93-9B94-46FCB84F9465}.Debug|Any CPU.Build.0 = Debug|Any CPU
		{FCEB00FB-CE64-4E93-9B94-46FCB84F9465}.Release|Any CPU.ActiveCfg = Release|Any CPU
		{FCEB00FB-CE64-4E93-9B94-46FCB84F9465}.Release|Any CPU.Build.0 = Release|Any CPU
		{D031FE7C-7FD3-49C4-AD74-FFFE561E2673}.Debug|Any CPU.ActiveCfg = Debug|Any CPU
		{D031FE7C-7FD3-49C4-AD74-FFFE561E2673}.Debug|Any CPU.Build.0 = Debug|Any CPU
		{D031FE7C-7FD3-49C4-AD74-FFFE561E2673}.Release|Any CPU.ActiveCfg = Release|Any CPU
		{D031FE7C-7FD3-49C4-AD74-FFFE561E2673}.Release|Any CPU.Build.0 = Release|Any CPU
		{8C8AD059-4CC4-4135-BC79-B780841E8F76}.Debug|Any CPU.ActiveCfg = Debug|Any CPU
		{8C8AD059-4CC4-4135-BC79-B780841E8F76}.Debug|Any CPU.Build.0 = Debug|Any CPU
		{8C8AD059-4CC4-4135-BC79-B780841E8F76}.Release|Any CPU.ActiveCfg = Release|Any CPU
		{8C8AD059-4CC4-4135-BC79-B780841E8F76}.Release|Any CPU.Build.0 = Release|Any CPU
		{29636500-988E-42D1-ACD1-0A6418A66073}.Debug|Any CPU.ActiveCfg = Debug|Any CPU
		{29636500-988E-42D1-ACD1-0A6418A66073}.Debug|Any CPU.Build.0 = Debug|Any CPU
		{29636500-988E-42D1-ACD1-0A6418A66073}.Release|Any CPU.ActiveCfg = Release|Any CPU
		{29636500-988E-42D1-ACD1-0A6418A66073}.Release|Any CPU.Build.0 = Release|Any CPU
		{0BECCD3D-D336-4D0A-95F9-4F784A105D44}.Debug|Any CPU.ActiveCfg = Debug|Any CPU
		{0BECCD3D-D336-4D0A-95F9-4F784A105D44}.Debug|Any CPU.Build.0 = Debug|Any CPU
		{0BECCD3D-D336-4D0A-95F9-4F784A105D44}.Release|Any CPU.ActiveCfg = Release|Any CPU
		{0BECCD3D-D336-4D0A-95F9-4F784A105D44}.Release|Any CPU.Build.0 = Release|Any CPU
		{15612DC0-7A89-4F1D-9325-27E86506BF9B}.Debug|Any CPU.ActiveCfg = Debug|Any CPU
		{15612DC0-7A89-4F1D-9325-27E86506BF9B}.Debug|Any CPU.Build.0 = Debug|Any CPU
		{15612DC0-7A89-4F1D-9325-27E86506BF9B}.Release|Any CPU.ActiveCfg = Release|Any CPU
		{15612DC0-7A89-4F1D-9325-27E86506BF9B}.Release|Any CPU.Build.0 = Release|Any CPU
		{ADD834E4-E0B3-4031-B69C-39B7F9B39E8F}.Debug|Any CPU.ActiveCfg = Debug|Any CPU
		{ADD834E4-E0B3-4031-B69C-39B7F9B39E8F}.Debug|Any CPU.Build.0 = Debug|Any CPU
		{ADD834E4-E0B3-4031-B69C-39B7F9B39E8F}.Release|Any CPU.ActiveCfg = Release|Any CPU
		{ADD834E4-E0B3-4031-B69C-39B7F9B39E8F}.Release|Any CPU.Build.0 = Release|Any CPU
		{CA6D667A-14A6-42FF-9AF7-56958697C974}.Debug|Any CPU.ActiveCfg = Debug|Any CPU
		{CA6D667A-14A6-42FF-9AF7-56958697C974}.Debug|Any CPU.Build.0 = Debug|Any CPU
		{CA6D667A-14A6-42FF-9AF7-56958697C974}.Release|Any CPU.ActiveCfg = Release|Any CPU
		{CA6D667A-14A6-42FF-9AF7-56958697C974}.Release|Any CPU.Build.0 = Release|Any CPU
		{743A1B33-D721-4B1E-9634-C4EA3B75878C}.Debug|Any CPU.ActiveCfg = Debug|Any CPU
		{743A1B33-D721-4B1E-9634-C4EA3B75878C}.Debug|Any CPU.Build.0 = Debug|Any CPU
		{743A1B33-D721-4B1E-9634-C4EA3B75878C}.Release|Any CPU.ActiveCfg = Release|Any CPU
		{743A1B33-D721-4B1E-9634-C4EA3B75878C}.Release|Any CPU.Build.0 = Release|Any CPU
		{1BFBA3BF-9FB7-4FE3-802A-9D23B0A48579}.Debug|Any CPU.ActiveCfg = Debug|Any CPU
		{1BFBA3BF-9FB7-4FE3-802A-9D23B0A48579}.Debug|Any CPU.Build.0 = Debug|Any CPU
		{1BFBA3BF-9FB7-4FE3-802A-9D23B0A48579}.Release|Any CPU.ActiveCfg = Release|Any CPU
		{1BFBA3BF-9FB7-4FE3-802A-9D23B0A48579}.Release|Any CPU.Build.0 = Release|Any CPU
		{30F26489-EE12-43BB-BB45-2E4F60D0C527}.Debug|Any CPU.ActiveCfg = Debug|Any CPU
		{30F26489-EE12-43BB-BB45-2E4F60D0C527}.Debug|Any CPU.Build.0 = Debug|Any CPU
		{30F26489-EE12-43BB-BB45-2E4F60D0C527}.Release|Any CPU.ActiveCfg = Release|Any CPU
		{30F26489-EE12-43BB-BB45-2E4F60D0C527}.Release|Any CPU.Build.0 = Release|Any CPU
		{001CF201-D246-44F4-9556-2A747CD668A9}.Debug|Any CPU.ActiveCfg = Debug|Any CPU
		{001CF201-D246-44F4-9556-2A747CD668A9}.Debug|Any CPU.Build.0 = Debug|Any CPU
		{001CF201-D246-44F4-9556-2A747CD668A9}.Release|Any CPU.ActiveCfg = Release|Any CPU
		{001CF201-D246-44F4-9556-2A747CD668A9}.Release|Any CPU.Build.0 = Release|Any CPU
		{DC17E76F-DD2D-491C-9ECB-05514948E441}.Debug|Any CPU.ActiveCfg = Debug|Any CPU
		{DC17E76F-DD2D-491C-9ECB-05514948E441}.Debug|Any CPU.Build.0 = Debug|Any CPU
		{DC17E76F-DD2D-491C-9ECB-05514948E441}.Release|Any CPU.ActiveCfg = Release|Any CPU
		{DC17E76F-DD2D-491C-9ECB-05514948E441}.Release|Any CPU.Build.0 = Release|Any CPU
		{9B9B5CF1-4F98-401C-942A-B05479CCD4BA}.Debug|Any CPU.ActiveCfg = Debug|Any CPU
		{9B9B5CF1-4F98-401C-942A-B05479CCD4BA}.Debug|Any CPU.Build.0 = Debug|Any CPU
		{9B9B5CF1-4F98-401C-942A-B05479CCD4BA}.Release|Any CPU.ActiveCfg = Release|Any CPU
		{9B9B5CF1-4F98-401C-942A-B05479CCD4BA}.Release|Any CPU.Build.0 = Release|Any CPU
		{C5569DC1-2649-4B30-B7B3-AE63EAB35B51}.Debug|Any CPU.ActiveCfg = Debug|Any CPU
		{C5569DC1-2649-4B30-B7B3-AE63EAB35B51}.Debug|Any CPU.Build.0 = Debug|Any CPU
		{C5569DC1-2649-4B30-B7B3-AE63EAB35B51}.Release|Any CPU.ActiveCfg = Release|Any CPU
		{C5569DC1-2649-4B30-B7B3-AE63EAB35B51}.Release|Any CPU.Build.0 = Release|Any CPU
		{FEEB6711-E851-4235-957B-F04535C2F8EB}.Debug|Any CPU.ActiveCfg = Debug|Any CPU
		{FEEB6711-E851-4235-957B-F04535C2F8EB}.Debug|Any CPU.Build.0 = Debug|Any CPU
		{FEEB6711-E851-4235-957B-F04535C2F8EB}.Release|Any CPU.ActiveCfg = Release|Any CPU
		{FEEB6711-E851-4235-957B-F04535C2F8EB}.Release|Any CPU.Build.0 = Release|Any CPU
		{4B05CAA5-DEDC-4750-AC7A-57E3DD0F3AE6}.Debug|Any CPU.ActiveCfg = Debug|Any CPU
		{4B05CAA5-DEDC-4750-AC7A-57E3DD0F3AE6}.Debug|Any CPU.Build.0 = Debug|Any CPU
		{4B05CAA5-DEDC-4750-AC7A-57E3DD0F3AE6}.Release|Any CPU.ActiveCfg = Release|Any CPU
		{4B05CAA5-DEDC-4750-AC7A-57E3DD0F3AE6}.Release|Any CPU.Build.0 = Release|Any CPU
		{A30A804C-FC2D-40F9-AA52-3D058CAECC47}.Debug|Any CPU.ActiveCfg = Debug|Any CPU
		{A30A804C-FC2D-40F9-AA52-3D058CAECC47}.Debug|Any CPU.Build.0 = Debug|Any CPU
		{A30A804C-FC2D-40F9-AA52-3D058CAECC47}.Release|Any CPU.ActiveCfg = Release|Any CPU
		{A30A804C-FC2D-40F9-AA52-3D058CAECC47}.Release|Any CPU.Build.0 = Release|Any CPU
		{E7424486-864D-484F-AB63-FD70AB55B3D1}.Debug|Any CPU.ActiveCfg = Debug|Any CPU
		{E7424486-864D-484F-AB63-FD70AB55B3D1}.Debug|Any CPU.Build.0 = Debug|Any CPU
		{E7424486-864D-484F-AB63-FD70AB55B3D1}.Release|Any CPU.ActiveCfg = Release|Any CPU
		{E7424486-864D-484F-AB63-FD70AB55B3D1}.Release|Any CPU.Build.0 = Release|Any CPU
		{5B137111-8EA9-4A95-BCE4-D6F3BE666D0C}.Debug|Any CPU.ActiveCfg = Debug|Any CPU
		{5B137111-8EA9-4A95-BCE4-D6F3BE666D0C}.Debug|Any CPU.Build.0 = Debug|Any CPU
		{5B137111-8EA9-4A95-BCE4-D6F3BE666D0C}.Release|Any CPU.ActiveCfg = Release|Any CPU
		{5B137111-8EA9-4A95-BCE4-D6F3BE666D0C}.Release|Any CPU.Build.0 = Release|Any CPU
		{1D5911C9-BD00-499C-9E93-7332DE1AFB33}.Debug|Any CPU.ActiveCfg = Debug|Any CPU
		{1D5911C9-BD00-499C-9E93-7332DE1AFB33}.Debug|Any CPU.Build.0 = Debug|Any CPU
		{1D5911C9-BD00-499C-9E93-7332DE1AFB33}.Release|Any CPU.ActiveCfg = Release|Any CPU
		{1D5911C9-BD00-499C-9E93-7332DE1AFB33}.Release|Any CPU.Build.0 = Release|Any CPU
		{5EB08CB7-E403-4795-9B35-D2DACF8CD510}.Debug|Any CPU.ActiveCfg = Debug|Any CPU
		{5EB08CB7-E403-4795-9B35-D2DACF8CD510}.Debug|Any CPU.Build.0 = Debug|Any CPU
		{5EB08CB7-E403-4795-9B35-D2DACF8CD510}.Release|Any CPU.ActiveCfg = Release|Any CPU
		{5EB08CB7-E403-4795-9B35-D2DACF8CD510}.Release|Any CPU.Build.0 = Release|Any CPU
		{1EC73073-95A6-4502-A87F-77D21B9ECFA8}.Debug|Any CPU.ActiveCfg = Debug|Any CPU
		{1EC73073-95A6-4502-A87F-77D21B9ECFA8}.Debug|Any CPU.Build.0 = Debug|Any CPU
		{1EC73073-95A6-4502-A87F-77D21B9ECFA8}.Release|Any CPU.ActiveCfg = Release|Any CPU
		{1EC73073-95A6-4502-A87F-77D21B9ECFA8}.Release|Any CPU.Build.0 = Release|Any CPU
		{6026E292-C276-4805-8012-13B5A8C7E37F}.Debug|Any CPU.ActiveCfg = Debug|Any CPU
		{6026E292-C276-4805-8012-13B5A8C7E37F}.Debug|Any CPU.Build.0 = Debug|Any CPU
		{6026E292-C276-4805-8012-13B5A8C7E37F}.Release|Any CPU.ActiveCfg = Release|Any CPU
		{6026E292-C276-4805-8012-13B5A8C7E37F}.Release|Any CPU.Build.0 = Release|Any CPU
		{CA0349BD-CE2D-4B76-9416-75479625487A}.Debug|Any CPU.ActiveCfg = Debug|Any CPU
		{CA0349BD-CE2D-4B76-9416-75479625487A}.Debug|Any CPU.Build.0 = Debug|Any CPU
		{CA0349BD-CE2D-4B76-9416-75479625487A}.Release|Any CPU.ActiveCfg = Release|Any CPU
		{CA0349BD-CE2D-4B76-9416-75479625487A}.Release|Any CPU.Build.0 = Release|Any CPU
		{A089E28D-3865-4FDF-BE8A-53357A5689F4}.Debug|Any CPU.ActiveCfg = Debug|Any CPU
		{A089E28D-3865-4FDF-BE8A-53357A5689F4}.Debug|Any CPU.Build.0 = Debug|Any CPU
		{A089E28D-3865-4FDF-BE8A-53357A5689F4}.Release|Any CPU.ActiveCfg = Release|Any CPU
		{A089E28D-3865-4FDF-BE8A-53357A5689F4}.Release|Any CPU.Build.0 = Release|Any CPU
		{AF623871-9C40-41B4-8754-931AD6BB6E1E}.Debug|Any CPU.ActiveCfg = Debug|Any CPU
		{AF623871-9C40-41B4-8754-931AD6BB6E1E}.Debug|Any CPU.Build.0 = Debug|Any CPU
		{AF623871-9C40-41B4-8754-931AD6BB6E1E}.Release|Any CPU.ActiveCfg = Release|Any CPU
		{AF623871-9C40-41B4-8754-931AD6BB6E1E}.Release|Any CPU.Build.0 = Release|Any CPU
		{BA6A57DE-FE10-489C-9D8E-18794D638103}.Debug|Any CPU.ActiveCfg = Debug|Any CPU
		{BA6A57DE-FE10-489C-9D8E-18794D638103}.Debug|Any CPU.Build.0 = Debug|Any CPU
		{BA6A57DE-FE10-489C-9D8E-18794D638103}.Release|Any CPU.ActiveCfg = Release|Any CPU
		{BA6A57DE-FE10-489C-9D8E-18794D638103}.Release|Any CPU.Build.0 = Release|Any CPU
	EndGlobalSection
	GlobalSection(SolutionProperties) = preSolution
		HideSolutionNode = FALSE
	EndGlobalSection
	GlobalSection(NestedProjects) = preSolution
		{08ACDB3F-058D-487C-B488-B28A7A40811F} = {8A0403E3-5F6D-414D-96C0-E6D994AC1DA9}
		{D5C62D0F-6F42-45A2-8E7C-2919F9355321} = {8A0403E3-5F6D-414D-96C0-E6D994AC1DA9}
		{1C6E7335-AFF7-4B9D-A704-020961BEC174} = {8A0403E3-5F6D-414D-96C0-E6D994AC1DA9}
		{1184BBF6-9BE7-437B-9219-4A5F723D6151} = {8A0403E3-5F6D-414D-96C0-E6D994AC1DA9}
		{B4ADD8B3-D3C5-4AC4-8E09-085ED7980DA2} = {8A0403E3-5F6D-414D-96C0-E6D994AC1DA9}
		{04F78747-5C50-44B8-B25E-F4CBA68442AF} = {750AB176-A318-4A54-B4EB-BEEC02044B81}
		{0A407D79-3246-48A1-AC68-68D75774239E} = {315D0629-2431-4360-94DE-0AFBF6D6FDCF}
		{13C52AC8-9F89-4C3B-9EAE-FABB9E4B1C92} = {315D0629-2431-4360-94DE-0AFBF6D6FDCF}
		{FFE48E63-E333-42F7-B75C-155EE7654761} = {315D0629-2431-4360-94DE-0AFBF6D6FDCF}
		{A67EFCC6-614D-4C89-A28F-35C543FF6B52} = {315D0629-2431-4360-94DE-0AFBF6D6FDCF}
		{4547931C-6EC8-48AA-A75B-8B3558B18EFE} = {763D65EA-4BDA-44FD-9E36-0EAAA184212B}
		{6EA93E7A-8014-4328-BE27-A4EB4E7E3079} = {763D65EA-4BDA-44FD-9E36-0EAAA184212B}
		{2D5FE9CE-752C-494D-A58F-5F25723B9D12} = {763D65EA-4BDA-44FD-9E36-0EAAA184212B}
		{76CDEC23-6BCD-408B-99CC-81EA34238546} = {763D65EA-4BDA-44FD-9E36-0EAAA184212B}
		{9408791F-C973-4C64-BFD5-EC9ABC2A566E} = {763D65EA-4BDA-44FD-9E36-0EAAA184212B}
		{34FC9AAF-CE2C-4DE2-AF35-F7D6947B1C57} = {763D65EA-4BDA-44FD-9E36-0EAAA184212B}
		{5474FF97-A2DF-4122-BDC0-10285F2CC422} = {763D65EA-4BDA-44FD-9E36-0EAAA184212B}
		{0B2FF797-5DFF-4473-A84F-77BC0372F50F} = {D16E8B98-8473-4494-9CFB-DB0E8560CAC2}
		{3C0EFBDD-03DB-49C9-8C94-47B428C62575} = {D16E8B98-8473-4494-9CFB-DB0E8560CAC2}
		{AE91D8EB-DA39-455C-BF7D-6C230CA37798} = {D16E8B98-8473-4494-9CFB-DB0E8560CAC2}
		{BCA1862A-E6FD-4642-B5FA-AF5D40F8EA91} = {D16E8B98-8473-4494-9CFB-DB0E8560CAC2}
		{4246572E-701F-487A-8DD2-A86893B30529} = {D16E8B98-8473-4494-9CFB-DB0E8560CAC2}
		{E2DD524E-B333-467B-A11A-816F7013A9FC} = {D16E8B98-8473-4494-9CFB-DB0E8560CAC2}
		{811C797E-0082-48D0-A4DA-6039CDDB770E} = {D16E8B98-8473-4494-9CFB-DB0E8560CAC2}
		{9BFE7CEF-1AF5-4143-8055-3BEE12F68E61} = {8C8278D7-E2FD-497E-8F1A-0F620D719340}
		{05A2AA2B-8ABD-40A7-AF6B-2CDF8122D6CD} = {8C8278D7-E2FD-497E-8F1A-0F620D719340}
		{EBBEF209-4C8A-4AAE-A6AF-853E93816175} = {CE3F9AC2-6067-4F76-8355-BF805D89B4AB}
		{86FE1BF2-F8AE-4EFC-98A9-36332DAEDFF6} = {D16E8B98-8473-4494-9CFB-DB0E8560CAC2}
		{A23DF5F5-8062-4045-AE11-A66C33E649B4} = {613C6A73-27AE-4934-B481-2C3DF1B5E737}
		{65E8CF03-FE4C-4F48-9DA2-09FFA7D1E12B} = {613C6A73-27AE-4934-B481-2C3DF1B5E737}
		{954BDAFE-1C3B-4359-9C33-451E45224F6E} = {613C6A73-27AE-4934-B481-2C3DF1B5E737}
		{DF2D5CA9-1927-4990-80B1-B27C89AF3597} = {613C6A73-27AE-4934-B481-2C3DF1B5E737}
		{713E81E7-D6F1-46A2-9E8F-18E7358E9780} = {613C6A73-27AE-4934-B481-2C3DF1B5E737}
		{DD2F9727-23FD-4203-9186-54A82FF6FDC1} = {613C6A73-27AE-4934-B481-2C3DF1B5E737}
		{DBDABF2F-D13B-4870-A5A4-63846B94EEAC} = {613C6A73-27AE-4934-B481-2C3DF1B5E737}
		{FCEB00FB-CE64-4E93-9B94-46FCB84F9465} = {613C6A73-27AE-4934-B481-2C3DF1B5E737}
		{D031FE7C-7FD3-49C4-AD74-FFFE561E2673} = {7B0627E5-A7D8-4E30-A5AF-636BCAB48F39}
		{8C8AD059-4CC4-4135-BC79-B780841E8F76} = {7B0627E5-A7D8-4E30-A5AF-636BCAB48F39}
		{29636500-988E-42D1-ACD1-0A6418A66073} = {7B0627E5-A7D8-4E30-A5AF-636BCAB48F39}
		{0BECCD3D-D336-4D0A-95F9-4F784A105D44} = {7B0627E5-A7D8-4E30-A5AF-636BCAB48F39}
		{15612DC0-7A89-4F1D-9325-27E86506BF9B} = {4903C4EC-F15D-4822-8611-D2016A954952}
		{ADD834E4-E0B3-4031-B69C-39B7F9B39E8F} = {8C8278D7-E2FD-497E-8F1A-0F620D719340}
		{CA6D667A-14A6-42FF-9AF7-56958697C974} = {7B0627E5-A7D8-4E30-A5AF-636BCAB48F39}
		{743A1B33-D721-4B1E-9634-C4EA3B75878C} = {7B0627E5-A7D8-4E30-A5AF-636BCAB48F39}
		{1BFBA3BF-9FB7-4FE3-802A-9D23B0A48579} = {B2B53F84-A70B-4479-8244-33455DE4C0B6}
		{30F26489-EE12-43BB-BB45-2E4F60D0C527} = {7B0627E5-A7D8-4E30-A5AF-636BCAB48F39}
		{001CF201-D246-44F4-9556-2A747CD668A9} = {B29F80AA-5B93-4AD5-AB44-244C24761F68}
		{DC17E76F-DD2D-491C-9ECB-05514948E441} = {B29F80AA-5B93-4AD5-AB44-244C24761F68}
		{9B9B5CF1-4F98-401C-942A-B05479CCD4BA} = {B29F80AA-5B93-4AD5-AB44-244C24761F68}
		{C5569DC1-2649-4B30-B7B3-AE63EAB35B51} = {B29F80AA-5B93-4AD5-AB44-244C24761F68}
		{FEEB6711-E851-4235-957B-F04535C2F8EB} = {750AB176-A318-4A54-B4EB-BEEC02044B81}
		{4B05CAA5-DEDC-4750-AC7A-57E3DD0F3AE6} = {B29F80AA-5B93-4AD5-AB44-244C24761F68}
		{A30A804C-FC2D-40F9-AA52-3D058CAECC47} = {8C8278D7-E2FD-497E-8F1A-0F620D719340}
		{E7424486-864D-484F-AB63-FD70AB55B3D1} = {B29F80AA-5B93-4AD5-AB44-244C24761F68}
		{5B137111-8EA9-4A95-BCE4-D6F3BE666D0C} = {6AE1A3E5-DB02-4BDF-A9F6-6A239C725D4F}
		{1D5911C9-BD00-499C-9E93-7332DE1AFB33} = {6AE1A3E5-DB02-4BDF-A9F6-6A239C725D4F}
		{5EB08CB7-E403-4795-9B35-D2DACF8CD510} = {6AE1A3E5-DB02-4BDF-A9F6-6A239C725D4F}
		{1EC73073-95A6-4502-A87F-77D21B9ECFA8} = {6AE1A3E5-DB02-4BDF-A9F6-6A239C725D4F}
		{6026E292-C276-4805-8012-13B5A8C7E37F} = {6AE1A3E5-DB02-4BDF-A9F6-6A239C725D4F}
		{CA0349BD-CE2D-4B76-9416-75479625487A} = {6AE1A3E5-DB02-4BDF-A9F6-6A239C725D4F}
		{A089E28D-3865-4FDF-BE8A-53357A5689F4} = {6AE1A3E5-DB02-4BDF-A9F6-6A239C725D4F}
		{AF623871-9C40-41B4-8754-931AD6BB6E1E} = {6AE1A3E5-DB02-4BDF-A9F6-6A239C725D4F}
		{BA6A57DE-FE10-489C-9D8E-18794D638103} = {8C8278D7-E2FD-497E-8F1A-0F620D719340}
	EndGlobalSection
	GlobalSection(ExtensibilityGlobals) = postSolution
		SolutionGuid = {D9C35715-33D9-495B-8164-C18BCFCF92DA}
	EndGlobalSection
EndGlobal
