
Microsoft Visual Studio Solution File, Format Version 12.00
# Visual Studio Version 16
VisualStudioVersion = 16.0.31410.357
MinimumVisualStudioVersion = 10.0.40219.1
Project("{9A19103F-16F7-4668-BE54-9A1E7A4F7556}") = "PaaSCore", "PaaSCore\PaaSCore.csproj", "{113C89C2-EB88-4E19-84E0-1F86D3E35A73}"
EndProject
Project("{9A19103F-16F7-4668-BE54-9A1E7A4F7556}") = "BusinessInterface", "BusinessInterface\BusinessInterface.csproj", "{4A0C2CB0-3A5F-4EFD-B5D8-521D6E2B52AC}"
EndProject
Project("{9A19103F-16F7-4668-BE54-9A1E7A4F7556}") = "PaaS.Comm", "PaaS.Comm\PaaS.Comm.csproj", "{CABE04A3-182D-4DF6-BBF6-D3D4ACE2B67A}"
EndProject
Project("{9A19103F-16F7-4668-BE54-9A1E7A4F7556}") = "PasS.Base.Lib", "PasS.Base.Lib\PasS.Base.Lib.csproj", "{4D1925B8-E7C5-4B59-82C6-03F2E64D60AC}"
EndProject
Project("{9A19103F-16F7-4668-BE54-9A1E7A4F7556}") = "DB.Core", "DB.Core\DB.Core.csproj", "{EBD32444-6B1D-4CB1-A2C8-0707FC8C1395}"
EndProject
Project("{9A19103F-16F7-4668-BE54-9A1E7A4F7556}") = "Log.Core", "Log.Core\Log.Core.csproj", "{4D69CE23-022E-416B-AB5E-CB08129E3544}"
EndProject
Project("{9A19103F-16F7-4668-BE54-9A1E7A4F7556}") = "EncryptionKeyCore", "EncryptionKeyCore\EncryptionKeyCore.csproj", "{D71FA307-D19C-45FC-ADC2-FBDC1D1A25B0}"
EndProject
Project("{9A19103F-16F7-4668-BE54-9A1E7A4F7556}") = "Soft.Core", "Soft.Core\Soft.Core.csproj", "{49FCBD9A-4C17-4077-912A-E36C7BECE445}"
EndProject
Project("{9A19103F-16F7-4668-BE54-9A1E7A4F7556}") = "ZZJ_Common", "ZZJ_Common\ZZJ_Common.csproj", "{90E07C4B-679F-4403-B6EA-E976C6E0F4D3}"
EndProject
Project("{9A19103F-16F7-4668-BE54-9A1E7A4F7556}") = "ZZJ_EInvoice", "ZZJ_EInvoice\ZZJ_EInvoice.csproj", "{D20760D3-2B47-4D87-8FEC-B513DE4C7579}"
EndProject
Project("{9A19103F-16F7-4668-BE54-9A1E7A4F7556}") = "ZZJ_OutHos", "ZZJ_OutHos\ZZJ_OutHos.csproj", "{DB9A1286-5F1A-4B24-ADA8-413037EC9FC9}"
EndProject
Project("{9A19103F-16F7-4668-BE54-9A1E7A4F7556}") = "ZZJ_Report", "ZZJ_Report\ZZJ_Report.csproj", "{280BBA1B-16F4-4550-8B13-1C0021F03933}"
EndProject
Project("{9A19103F-16F7-4668-BE54-9A1E7A4F7556}") = "ZZJ_Tran", "ZZJ_Tran\ZZJ_Tran.csproj", "{7984D50D-C16B-4A8D-9848-46059F4259D9}"
EndProject
Project("{9A19103F-16F7-4668-BE54-9A1E7A4F7556}") = "ZZJ_YYGH", "ZZJ_YYGH\ZZJ_YYGH.csproj", "{9BE97F13-B04B-4D97-9A0F-D699FC1A10CD}"
EndProject
Project("{9A19103F-16F7-4668-BE54-9A1E7A4F7556}") = "ZZJ_InHos", "ZZJ_InHos\ZZJ_InHos.csproj", "{455A553D-EA3A-4803-9C31-A769471FCCBF}"
EndProject
Project("{2150E333-8FDC-42A3-9474-1A3956D46DE8}") = "OnlineBusHos8", "OnlineBusHos8", "{07FD5343-1001-49B8-9834-DECC582135B4}"
EndProject
Project("{9A19103F-16F7-4668-BE54-9A1E7A4F7556}") = "OnlineBusHos8_OutHos", "OnlineBusHos8_OutHos\OnlineBusHos8_OutHos.csproj", "{73A7107D-9780-492B-BC9D-6913DCD15EEC}"
EndProject
Project("{9A19103F-16F7-4668-BE54-9A1E7A4F7556}") = "OnlineBusHos8_Tran", "OnlineBusHos8_Tran\OnlineBusHos8_Tran.csproj", "{AD88F4B7-38E7-4E0F-A9FA-C9748CE2BFB8}"
EndProject
Project("{9A19103F-16F7-4668-BE54-9A1E7A4F7556}") = "OnlineBusHos8_Report", "OnlineBusHos8_Report\OnlineBusHos8_Report.csproj", "{1FB8D861-283B-40CF-8CA6-58DC3BE54D78}"
EndProject
Project("{2150E333-8FDC-42A3-9474-1A3956D46DE8}") = "OnlineBusHos153", "OnlineBusHos153", "{2D0B5858-864C-4A5E-98BD-39591A589FCF}"
EndProject
Project("{9A19103F-16F7-4668-BE54-9A1E7A4F7556}") = "OnlineBusHos153_EInvoice", "OnlineBusHos153_EInvoice\OnlineBusHos153_EInvoice.csproj", "{BD063B31-060C-4193-BAA8-3ACBFE9EBC8F}"
EndProject
Project("{9A19103F-16F7-4668-BE54-9A1E7A4F7556}") = "OnlineBusHos153_Report", "OnlineBusHos153_Report\OnlineBusHos153_Report.csproj", "{7776D421-987A-46D9-8F70-B45F26D7CE4B}"
EndProject
Project("{9A19103F-16F7-4668-BE54-9A1E7A4F7556}") = "OnlineBusHos8_YYGH", "OnlineBusHos8_YYGH\OnlineBusHos8_YYGH.csproj", "{6B11A370-8CB5-4E1D-9E0F-DF7230C220B5}"
EndProject
Project("{9A19103F-16F7-4668-BE54-9A1E7A4F7556}") = "OnlineBusHos8_Common", "OnlineBusHos8_Common\OnlineBusHos8_Common.csproj", "{D2728C99-0B56-451B-AF47-AE42E563E61C}"
EndProject
Project("{9A19103F-16F7-4668-BE54-9A1E7A4F7556}") = "ZZJ_GJYB", "ZZJ_GJYB\ZZJ_GJYB.csproj", "{E4BB3250-ADA7-44E3-B27B-A8EBA75BA14D}"
EndProject
Project("{9A19103F-16F7-4668-BE54-9A1E7A4F7556}") = "OnlineBusHos8_InHos", "OnlineBusHos8_InHos\OnlineBusHos8_InHos.csproj", "{C49DC2EA-40BC-4AB5-9D13-F101F5FABDC3}"
EndProject
Project("{9A19103F-16F7-4668-BE54-9A1E7A4F7556}") = "OnlineBusHos8_GJYB", "OnlineBusHos8_GJYB\OnlineBusHos8_GJYB.csproj", "{9A263494-245D-40AC-82F4-A9904503AD3A}"
EndProject
Project("{9A19103F-16F7-4668-BE54-9A1E7A4F7556}") = "OnlineBusHos153_Common", "OnlineBusHos153_Common\OnlineBusHos153_Common.csproj", "{50900279-0FA9-4D90-B80B-1349C7BE2EDA}"
EndProject
Project("{9A19103F-16F7-4668-BE54-9A1E7A4F7556}") = "OnlineBusHos153_GJYB", "OnlineBusHos153_GJYB\OnlineBusHos153_GJYB.csproj", "{F969B10F-A2C8-47E6-9C35-9E6DC1C553FB}"
EndProject
Project("{9A19103F-16F7-4668-BE54-9A1E7A4F7556}") = "OnlineBusHos153_OutHos", "OnlineBusHos153_OutHos\OnlineBusHos153_OutHos.csproj", "{D1E92B67-A290-4695-A6DD-764DEDBCC3B8}"
EndProject
Project("{9A19103F-16F7-4668-BE54-9A1E7A4F7556}") = "OnlineBusHos153_YYGH", "OnlineBusHos153_YYGH\OnlineBusHos153_YYGH.csproj", "{02973F03-91C7-40CE-BBE5-134EE91E0DA1}"
EndProject
Project("{9A19103F-16F7-4668-BE54-9A1E7A4F7556}") = "OnlineBusHos153_Tran", "OnlineBusHos153_Tran\OnlineBusHos153_Tran.csproj", "{BD1DB779-C82D-477D-A421-81E6222EB0DD}"
EndProject
Project("{2150E333-8FDC-42A3-9474-1A3956D46DE8}") = "OnlineBusHos216", "OnlineBusHos216", "{C2C022B9-7C53-4C1A-8588-EB4FB5519C8B}"
EndProject
Project("{9A19103F-16F7-4668-BE54-9A1E7A4F7556}") = "OnlineBusHos216_EInvoice", "OnlineBusHos216_EInvoice\OnlineBusHos216_EInvoice.csproj", "{0578002B-B3CD-40CB-A2F7-636C39D8207D}"
EndProject
Project("{2150E333-8FDC-42A3-9474-1A3956D46DE8}") = "OnlineBusHos298", "OnlineBusHos298", "{9FB5FB5A-2224-4836-91AF-6E44FE487F2B}"
EndProject
Project("{9A19103F-16F7-4668-BE54-9A1E7A4F7556}") = "OnlineBusHos298_YYGH", "OnlineBusHos298_YYGH\OnlineBusHos298_YYGH.csproj", "{9B9140DE-3AFF-4D78-8F28-3904346C1BC4}"
EndProject
Project("{9A19103F-16F7-4668-BE54-9A1E7A4F7556}") = "OnlineBusHos298_Common", "OnlineBusHos298_Common\OnlineBusHos298_Common.csproj", "{3C245D57-0BF2-4042-89DF-293FF5DC2D4E}"
EndProject
Project("{2150E333-8FDC-42A3-9474-1A3956D46DE8}") = "OnlineBusHos39", "OnlineBusHos39", "{4DF7F269-2C5A-4AC6-8496-496E85811019}"
EndProject
Project("{9A19103F-16F7-4668-BE54-9A1E7A4F7556}") = "OnlineBusHos39_Report", "OnlineBusHos39_Report\OnlineBusHos39_Report.csproj", "{16DEEE57-FD5F-4932-B2AA-DA46C9C5997C}"
EndProject
Project("{2150E333-8FDC-42A3-9474-1A3956D46DE8}") = "OnlineBusHos968", "OnlineBusHos968", "{E4248D53-5F23-4A27-9020-BAF6647B8375}"
EndProject
Project("{9A19103F-16F7-4668-BE54-9A1E7A4F7556}") = "OnlineBusHos968_Common", "Hos968\OnlineBusHos968_Common\OnlineBusHos968_Common.csproj", "{8FC10B9C-3AB2-4E43-98C1-AF467F255834}"
EndProject
Project("{9A19103F-16F7-4668-BE54-9A1E7A4F7556}") = "OnlineBusHos968_YYGH", "Hos968\OnlineBusHos968_YYGH\OnlineBusHos968_YYGH.csproj", "{8C057C24-4AC8-4DFC-8B2D-C6AF8FB6E2D7}"
EndProject
Project("{9A19103F-16F7-4668-BE54-9A1E7A4F7556}") = "OnlineBusHos968_Tran", "Hos968\OnlineBusHos968_Tran\OnlineBusHos968_Tran.csproj", "{AAFE9FEE-F3E4-431B-9B4F-8585635E4BDF}"
EndProject
Project("{9A19103F-16F7-4668-BE54-9A1E7A4F7556}") = "OnlineBusHos968_Report", "Hos968\OnlineBusHos968_Report\OnlineBusHos968_Report.csproj", "{0B3A4612-CCDB-4764-A40C-26EC864F24B8}"
EndProject
Project("{9A19103F-16F7-4668-BE54-9A1E7A4F7556}") = "OnlineBusHos968_OutHos", "Hos968\OnlineBusHos968_OutHos\OnlineBusHos968_OutHos.csproj", "{B6E62E6A-5973-4744-AD0D-8567AAA646F6}"
EndProject
Project("{2150E333-8FDC-42A3-9474-1A3956D46DE8}") = "PAY", "PAY", "{EBD7F140-F032-40E3-98B1-2D4AF4256B5B}"
EndProject
Project("{9A19103F-16F7-4668-BE54-9A1E7A4F7556}") = "POSC2BUnionPay", "A2PAY\POSC2BUnionPay\POSC2BUnionPay.csproj", "{B10E4C5D-2FE0-4EEA-B5DE-79206B937997}"
EndProject
Global
	GlobalSection(SolutionConfigurationPlatforms) = preSolution
		Debug|Any CPU = Debug|Any CPU
		Release|Any CPU = Release|Any CPU
	EndGlobalSection
	GlobalSection(ProjectConfigurationPlatforms) = postSolution
		{113C89C2-EB88-4E19-84E0-1F86D3E35A73}.Debug|Any CPU.ActiveCfg = Debug|Any CPU
		{113C89C2-EB88-4E19-84E0-1F86D3E35A73}.Debug|Any CPU.Build.0 = Debug|Any CPU
		{113C89C2-EB88-4E19-84E0-1F86D3E35A73}.Release|Any CPU.ActiveCfg = Release|Any CPU
		{113C89C2-EB88-4E19-84E0-1F86D3E35A73}.Release|Any CPU.Build.0 = Release|Any CPU
		{4A0C2CB0-3A5F-4EFD-B5D8-521D6E2B52AC}.Debug|Any CPU.ActiveCfg = Debug|Any CPU
		{4A0C2CB0-3A5F-4EFD-B5D8-521D6E2B52AC}.Debug|Any CPU.Build.0 = Debug|Any CPU
		{4A0C2CB0-3A5F-4EFD-B5D8-521D6E2B52AC}.Release|Any CPU.ActiveCfg = Release|Any CPU
		{4A0C2CB0-3A5F-4EFD-B5D8-521D6E2B52AC}.Release|Any CPU.Build.0 = Release|Any CPU
		{CABE04A3-182D-4DF6-BBF6-D3D4ACE2B67A}.Debug|Any CPU.ActiveCfg = Debug|Any CPU
		{CABE04A3-182D-4DF6-BBF6-D3D4ACE2B67A}.Debug|Any CPU.Build.0 = Debug|Any CPU
		{CABE04A3-182D-4DF6-BBF6-D3D4ACE2B67A}.Release|Any CPU.ActiveCfg = Release|Any CPU
		{CABE04A3-182D-4DF6-BBF6-D3D4ACE2B67A}.Release|Any CPU.Build.0 = Release|Any CPU
		{4D1925B8-E7C5-4B59-82C6-03F2E64D60AC}.Debug|Any CPU.ActiveCfg = Debug|Any CPU
		{4D1925B8-E7C5-4B59-82C6-03F2E64D60AC}.Debug|Any CPU.Build.0 = Debug|Any CPU
		{4D1925B8-E7C5-4B59-82C6-03F2E64D60AC}.Release|Any CPU.ActiveCfg = Release|Any CPU
		{4D1925B8-E7C5-4B59-82C6-03F2E64D60AC}.Release|Any CPU.Build.0 = Release|Any CPU
		{EBD32444-6B1D-4CB1-A2C8-0707FC8C1395}.Debug|Any CPU.ActiveCfg = Debug|Any CPU
		{EBD32444-6B1D-4CB1-A2C8-0707FC8C1395}.Debug|Any CPU.Build.0 = Debug|Any CPU
		{EBD32444-6B1D-4CB1-A2C8-0707FC8C1395}.Release|Any CPU.ActiveCfg = Release|Any CPU
		{EBD32444-6B1D-4CB1-A2C8-0707FC8C1395}.Release|Any CPU.Build.0 = Release|Any CPU
		{4D69CE23-022E-416B-AB5E-CB08129E3544}.Debug|Any CPU.ActiveCfg = Debug|Any CPU
		{4D69CE23-022E-416B-AB5E-CB08129E3544}.Debug|Any CPU.Build.0 = Debug|Any CPU
		{4D69CE23-022E-416B-AB5E-CB08129E3544}.Release|Any CPU.ActiveCfg = Release|Any CPU
		{4D69CE23-022E-416B-AB5E-CB08129E3544}.Release|Any CPU.Build.0 = Release|Any CPU
		{D71FA307-D19C-45FC-ADC2-FBDC1D1A25B0}.Debug|Any CPU.ActiveCfg = Debug|Any CPU
		{D71FA307-D19C-45FC-ADC2-FBDC1D1A25B0}.Debug|Any CPU.Build.0 = Debug|Any CPU
		{D71FA307-D19C-45FC-ADC2-FBDC1D1A25B0}.Release|Any CPU.ActiveCfg = Release|Any CPU
		{D71FA307-D19C-45FC-ADC2-FBDC1D1A25B0}.Release|Any CPU.Build.0 = Release|Any CPU
		{49FCBD9A-4C17-4077-912A-E36C7BECE445}.Debug|Any CPU.ActiveCfg = Debug|Any CPU
		{49FCBD9A-4C17-4077-912A-E36C7BECE445}.Debug|Any CPU.Build.0 = Debug|Any CPU
		{49FCBD9A-4C17-4077-912A-E36C7BECE445}.Release|Any CPU.ActiveCfg = Release|Any CPU
		{49FCBD9A-4C17-4077-912A-E36C7BECE445}.Release|Any CPU.Build.0 = Release|Any CPU
		{90E07C4B-679F-4403-B6EA-E976C6E0F4D3}.Debug|Any CPU.ActiveCfg = Debug|Any CPU
		{90E07C4B-679F-4403-B6EA-E976C6E0F4D3}.Debug|Any CPU.Build.0 = Debug|Any CPU
		{90E07C4B-679F-4403-B6EA-E976C6E0F4D3}.Release|Any CPU.ActiveCfg = Release|Any CPU
		{90E07C4B-679F-4403-B6EA-E976C6E0F4D3}.Release|Any CPU.Build.0 = Release|Any CPU
		{D20760D3-2B47-4D87-8FEC-B513DE4C7579}.Debug|Any CPU.ActiveCfg = Debug|Any CPU
		{D20760D3-2B47-4D87-8FEC-B513DE4C7579}.Debug|Any CPU.Build.0 = Debug|Any CPU
		{D20760D3-2B47-4D87-8FEC-B513DE4C7579}.Release|Any CPU.ActiveCfg = Release|Any CPU
		{D20760D3-2B47-4D87-8FEC-B513DE4C7579}.Release|Any CPU.Build.0 = Release|Any CPU
		{DB9A1286-5F1A-4B24-ADA8-413037EC9FC9}.Debug|Any CPU.ActiveCfg = Debug|Any CPU
		{DB9A1286-5F1A-4B24-ADA8-413037EC9FC9}.Debug|Any CPU.Build.0 = Debug|Any CPU
		{DB9A1286-5F1A-4B24-ADA8-413037EC9FC9}.Release|Any CPU.ActiveCfg = Release|Any CPU
		{DB9A1286-5F1A-4B24-ADA8-413037EC9FC9}.Release|Any CPU.Build.0 = Release|Any CPU
		{280BBA1B-16F4-4550-8B13-1C0021F03933}.Debug|Any CPU.ActiveCfg = Debug|Any CPU
		{280BBA1B-16F4-4550-8B13-1C0021F03933}.Debug|Any CPU.Build.0 = Debug|Any CPU
		{280BBA1B-16F4-4550-8B13-1C0021F03933}.Release|Any CPU.ActiveCfg = Release|Any CPU
		{280BBA1B-16F4-4550-8B13-1C0021F03933}.Release|Any CPU.Build.0 = Release|Any CPU
		{7984D50D-C16B-4A8D-9848-46059F4259D9}.Debug|Any CPU.ActiveCfg = Debug|Any CPU
		{7984D50D-C16B-4A8D-9848-46059F4259D9}.Debug|Any CPU.Build.0 = Debug|Any CPU
		{7984D50D-C16B-4A8D-9848-46059F4259D9}.Release|Any CPU.ActiveCfg = Release|Any CPU
		{7984D50D-C16B-4A8D-9848-46059F4259D9}.Release|Any CPU.Build.0 = Release|Any CPU
		{9BE97F13-B04B-4D97-9A0F-D699FC1A10CD}.Debug|Any CPU.ActiveCfg = Debug|Any CPU
		{9BE97F13-B04B-4D97-9A0F-D699FC1A10CD}.Debug|Any CPU.Build.0 = Debug|Any CPU
		{9BE97F13-B04B-4D97-9A0F-D699FC1A10CD}.Release|Any CPU.ActiveCfg = Release|Any CPU
		{9BE97F13-B04B-4D97-9A0F-D699FC1A10CD}.Release|Any CPU.Build.0 = Release|Any CPU
		{455A553D-EA3A-4803-9C31-A769471FCCBF}.Debug|Any CPU.ActiveCfg = Debug|Any CPU
		{455A553D-EA3A-4803-9C31-A769471FCCBF}.Debug|Any CPU.Build.0 = Debug|Any CPU
		{455A553D-EA3A-4803-9C31-A769471FCCBF}.Release|Any CPU.ActiveCfg = Release|Any CPU
		{455A553D-EA3A-4803-9C31-A769471FCCBF}.Release|Any CPU.Build.0 = Release|Any CPU
		{73A7107D-9780-492B-BC9D-6913DCD15EEC}.Debug|Any CPU.ActiveCfg = Debug|Any CPU
		{73A7107D-9780-492B-BC9D-6913DCD15EEC}.Debug|Any CPU.Build.0 = Debug|Any CPU
		{73A7107D-9780-492B-BC9D-6913DCD15EEC}.Release|Any CPU.ActiveCfg = Release|Any CPU
		{73A7107D-9780-492B-BC9D-6913DCD15EEC}.Release|Any CPU.Build.0 = Release|Any CPU
		{AD88F4B7-38E7-4E0F-A9FA-C9748CE2BFB8}.Debug|Any CPU.ActiveCfg = Debug|Any CPU
		{AD88F4B7-38E7-4E0F-A9FA-C9748CE2BFB8}.Debug|Any CPU.Build.0 = Debug|Any CPU
		{AD88F4B7-38E7-4E0F-A9FA-C9748CE2BFB8}.Release|Any CPU.ActiveCfg = Release|Any CPU
		{AD88F4B7-38E7-4E0F-A9FA-C9748CE2BFB8}.Release|Any CPU.Build.0 = Release|Any CPU
		{1FB8D861-283B-40CF-8CA6-58DC3BE54D78}.Debug|Any CPU.ActiveCfg = Debug|Any CPU
		{1FB8D861-283B-40CF-8CA6-58DC3BE54D78}.Debug|Any CPU.Build.0 = Debug|Any CPU
		{1FB8D861-283B-40CF-8CA6-58DC3BE54D78}.Release|Any CPU.ActiveCfg = Release|Any CPU
		{1FB8D861-283B-40CF-8CA6-58DC3BE54D78}.Release|Any CPU.Build.0 = Release|Any CPU
		{BD063B31-060C-4193-BAA8-3ACBFE9EBC8F}.Debug|Any CPU.ActiveCfg = Debug|Any CPU
		{BD063B31-060C-4193-BAA8-3ACBFE9EBC8F}.Debug|Any CPU.Build.0 = Debug|Any CPU
		{BD063B31-060C-4193-BAA8-3ACBFE9EBC8F}.Release|Any CPU.ActiveCfg = Release|Any CPU
		{BD063B31-060C-4193-BAA8-3ACBFE9EBC8F}.Release|Any CPU.Build.0 = Release|Any CPU
		{7776D421-987A-46D9-8F70-B45F26D7CE4B}.Debug|Any CPU.ActiveCfg = Debug|Any CPU
		{7776D421-987A-46D9-8F70-B45F26D7CE4B}.Debug|Any CPU.Build.0 = Debug|Any CPU
		{7776D421-987A-46D9-8F70-B45F26D7CE4B}.Release|Any CPU.ActiveCfg = Release|Any CPU
		{7776D421-987A-46D9-8F70-B45F26D7CE4B}.Release|Any CPU.Build.0 = Release|Any CPU
		{6B11A370-8CB5-4E1D-9E0F-DF7230C220B5}.Debug|Any CPU.ActiveCfg = Debug|Any CPU
		{6B11A370-8CB5-4E1D-9E0F-DF7230C220B5}.Debug|Any CPU.Build.0 = Debug|Any CPU
		{6B11A370-8CB5-4E1D-9E0F-DF7230C220B5}.Release|Any CPU.ActiveCfg = Release|Any CPU
		{6B11A370-8CB5-4E1D-9E0F-DF7230C220B5}.Release|Any CPU.Build.0 = Release|Any CPU
		{D2728C99-0B56-451B-AF47-AE42E563E61C}.Debug|Any CPU.ActiveCfg = Debug|Any CPU
		{D2728C99-0B56-451B-AF47-AE42E563E61C}.Debug|Any CPU.Build.0 = Debug|Any CPU
		{D2728C99-0B56-451B-AF47-AE42E563E61C}.Release|Any CPU.ActiveCfg = Release|Any CPU
		{D2728C99-0B56-451B-AF47-AE42E563E61C}.Release|Any CPU.Build.0 = Release|Any CPU
		{E4BB3250-ADA7-44E3-B27B-A8EBA75BA14D}.Debug|Any CPU.ActiveCfg = Debug|Any CPU
		{E4BB3250-ADA7-44E3-B27B-A8EBA75BA14D}.Debug|Any CPU.Build.0 = Debug|Any CPU
		{E4BB3250-ADA7-44E3-B27B-A8EBA75BA14D}.Release|Any CPU.ActiveCfg = Release|Any CPU
		{E4BB3250-ADA7-44E3-B27B-A8EBA75BA14D}.Release|Any CPU.Build.0 = Release|Any CPU
		{C49DC2EA-40BC-4AB5-9D13-F101F5FABDC3}.Debug|Any CPU.ActiveCfg = Debug|Any CPU
		{C49DC2EA-40BC-4AB5-9D13-F101F5FABDC3}.Debug|Any CPU.Build.0 = Debug|Any CPU
		{C49DC2EA-40BC-4AB5-9D13-F101F5FABDC3}.Release|Any CPU.ActiveCfg = Release|Any CPU
		{C49DC2EA-40BC-4AB5-9D13-F101F5FABDC3}.Release|Any CPU.Build.0 = Release|Any CPU
		{9A263494-245D-40AC-82F4-A9904503AD3A}.Debug|Any CPU.ActiveCfg = Debug|Any CPU
		{9A263494-245D-40AC-82F4-A9904503AD3A}.Debug|Any CPU.Build.0 = Debug|Any CPU
		{9A263494-245D-40AC-82F4-A9904503AD3A}.Release|Any CPU.ActiveCfg = Release|Any CPU
		{9A263494-245D-40AC-82F4-A9904503AD3A}.Release|Any CPU.Build.0 = Release|Any CPU
		{50900279-0FA9-4D90-B80B-1349C7BE2EDA}.Debug|Any CPU.ActiveCfg = Debug|Any CPU
		{50900279-0FA9-4D90-B80B-1349C7BE2EDA}.Debug|Any CPU.Build.0 = Debug|Any CPU
		{50900279-0FA9-4D90-B80B-1349C7BE2EDA}.Release|Any CPU.ActiveCfg = Release|Any CPU
		{50900279-0FA9-4D90-B80B-1349C7BE2EDA}.Release|Any CPU.Build.0 = Release|Any CPU
		{F969B10F-A2C8-47E6-9C35-9E6DC1C553FB}.Debug|Any CPU.ActiveCfg = Debug|Any CPU
		{F969B10F-A2C8-47E6-9C35-9E6DC1C553FB}.Debug|Any CPU.Build.0 = Debug|Any CPU
		{F969B10F-A2C8-47E6-9C35-9E6DC1C553FB}.Release|Any CPU.ActiveCfg = Release|Any CPU
		{F969B10F-A2C8-47E6-9C35-9E6DC1C553FB}.Release|Any CPU.Build.0 = Release|Any CPU
		{D1E92B67-A290-4695-A6DD-764DEDBCC3B8}.Debug|Any CPU.ActiveCfg = Debug|Any CPU
		{D1E92B67-A290-4695-A6DD-764DEDBCC3B8}.Debug|Any CPU.Build.0 = Debug|Any CPU
		{D1E92B67-A290-4695-A6DD-764DEDBCC3B8}.Release|Any CPU.ActiveCfg = Release|Any CPU
		{D1E92B67-A290-4695-A6DD-764DEDBCC3B8}.Release|Any CPU.Build.0 = Release|Any CPU
		{02973F03-91C7-40CE-BBE5-134EE91E0DA1}.Debug|Any CPU.ActiveCfg = Debug|Any CPU
		{02973F03-91C7-40CE-BBE5-134EE91E0DA1}.Debug|Any CPU.Build.0 = Debug|Any CPU
		{02973F03-91C7-40CE-BBE5-134EE91E0DA1}.Release|Any CPU.ActiveCfg = Release|Any CPU
		{02973F03-91C7-40CE-BBE5-134EE91E0DA1}.Release|Any CPU.Build.0 = Release|Any CPU
		{BD1DB779-C82D-477D-A421-81E6222EB0DD}.Debug|Any CPU.ActiveCfg = Debug|Any CPU
		{BD1DB779-C82D-477D-A421-81E6222EB0DD}.Debug|Any CPU.Build.0 = Debug|Any CPU
		{BD1DB779-C82D-477D-A421-81E6222EB0DD}.Release|Any CPU.ActiveCfg = Release|Any CPU
		{BD1DB779-C82D-477D-A421-81E6222EB0DD}.Release|Any CPU.Build.0 = Release|Any CPU
		{0578002B-B3CD-40CB-A2F7-636C39D8207D}.Debug|Any CPU.ActiveCfg = Debug|Any CPU
		{0578002B-B3CD-40CB-A2F7-636C39D8207D}.Debug|Any CPU.Build.0 = Debug|Any CPU
		{0578002B-B3CD-40CB-A2F7-636C39D8207D}.Release|Any CPU.ActiveCfg = Release|Any CPU
		{0578002B-B3CD-40CB-A2F7-636C39D8207D}.Release|Any CPU.Build.0 = Release|Any CPU
		{9B9140DE-3AFF-4D78-8F28-3904346C1BC4}.Debug|Any CPU.ActiveCfg = Debug|Any CPU
		{9B9140DE-3AFF-4D78-8F28-3904346C1BC4}.Debug|Any CPU.Build.0 = Debug|Any CPU
		{9B9140DE-3AFF-4D78-8F28-3904346C1BC4}.Release|Any CPU.ActiveCfg = Release|Any CPU
		{9B9140DE-3AFF-4D78-8F28-3904346C1BC4}.Release|Any CPU.Build.0 = Release|Any CPU
		{3C245D57-0BF2-4042-89DF-293FF5DC2D4E}.Debug|Any CPU.ActiveCfg = Debug|Any CPU
		{3C245D57-0BF2-4042-89DF-293FF5DC2D4E}.Debug|Any CPU.Build.0 = Debug|Any CPU
		{3C245D57-0BF2-4042-89DF-293FF5DC2D4E}.Release|Any CPU.ActiveCfg = Release|Any CPU
		{3C245D57-0BF2-4042-89DF-293FF5DC2D4E}.Release|Any CPU.Build.0 = Release|Any CPU
		{16DEEE57-FD5F-4932-B2AA-DA46C9C5997C}.Debug|Any CPU.ActiveCfg = Debug|Any CPU
		{16DEEE57-FD5F-4932-B2AA-DA46C9C5997C}.Debug|Any CPU.Build.0 = Debug|Any CPU
		{16DEEE57-FD5F-4932-B2AA-DA46C9C5997C}.Release|Any CPU.ActiveCfg = Release|Any CPU
		{16DEEE57-FD5F-4932-B2AA-DA46C9C5997C}.Release|Any CPU.Build.0 = Release|Any CPU
		{8FC10B9C-3AB2-4E43-98C1-AF467F255834}.Debug|Any CPU.ActiveCfg = Debug|Any CPU
		{8FC10B9C-3AB2-4E43-98C1-AF467F255834}.Debug|Any CPU.Build.0 = Debug|Any CPU
		{8FC10B9C-3AB2-4E43-98C1-AF467F255834}.Release|Any CPU.ActiveCfg = Release|Any CPU
		{8FC10B9C-3AB2-4E43-98C1-AF467F255834}.Release|Any CPU.Build.0 = Release|Any CPU
		{8C057C24-4AC8-4DFC-8B2D-C6AF8FB6E2D7}.Debug|Any CPU.ActiveCfg = Debug|Any CPU
		{8C057C24-4AC8-4DFC-8B2D-C6AF8FB6E2D7}.Debug|Any CPU.Build.0 = Debug|Any CPU
		{8C057C24-4AC8-4DFC-8B2D-C6AF8FB6E2D7}.Release|Any CPU.ActiveCfg = Release|Any CPU
		{8C057C24-4AC8-4DFC-8B2D-C6AF8FB6E2D7}.Release|Any CPU.Build.0 = Release|Any CPU
		{AAFE9FEE-F3E4-431B-9B4F-8585635E4BDF}.Debug|Any CPU.ActiveCfg = Debug|Any CPU
		{AAFE9FEE-F3E4-431B-9B4F-8585635E4BDF}.Debug|Any CPU.Build.0 = Debug|Any CPU
		{AAFE9FEE-F3E4-431B-9B4F-8585635E4BDF}.Release|Any CPU.ActiveCfg = Release|Any CPU
		{AAFE9FEE-F3E4-431B-9B4F-8585635E4BDF}.Release|Any CPU.Build.0 = Release|Any CPU
		{0B3A4612-CCDB-4764-A40C-26EC864F24B8}.Debug|Any CPU.ActiveCfg = Debug|Any CPU
		{0B3A4612-CCDB-4764-A40C-26EC864F24B8}.Debug|Any CPU.Build.0 = Debug|Any CPU
		{0B3A4612-CCDB-4764-A40C-26EC864F24B8}.Release|Any CPU.ActiveCfg = Release|Any CPU
		{0B3A4612-CCDB-4764-A40C-26EC864F24B8}.Release|Any CPU.Build.0 = Release|Any CPU
		{B6E62E6A-5973-4744-AD0D-8567AAA646F6}.Debug|Any CPU.ActiveCfg = Debug|Any CPU
		{B6E62E6A-5973-4744-AD0D-8567AAA646F6}.Debug|Any CPU.Build.0 = Debug|Any CPU
		{B6E62E6A-5973-4744-AD0D-8567AAA646F6}.Release|Any CPU.ActiveCfg = Release|Any CPU
		{B6E62E6A-5973-4744-AD0D-8567AAA646F6}.Release|Any CPU.Build.0 = Release|Any CPU
		{B10E4C5D-2FE0-4EEA-B5DE-79206B937997}.Debug|Any CPU.ActiveCfg = Debug|Any CPU
		{B10E4C5D-2FE0-4EEA-B5DE-79206B937997}.Debug|Any CPU.Build.0 = Debug|Any CPU
		{B10E4C5D-2FE0-4EEA-B5DE-79206B937997}.Release|Any CPU.ActiveCfg = Release|Any CPU
		{B10E4C5D-2FE0-4EEA-B5DE-79206B937997}.Release|Any CPU.Build.0 = Release|Any CPU
	EndGlobalSection
	GlobalSection(SolutionProperties) = preSolution
		HideSolutionNode = FALSE
	EndGlobalSection
	GlobalSection(NestedProjects) = preSolution
		{73A7107D-9780-492B-BC9D-6913DCD15EEC} = {07FD5343-1001-49B8-9834-DECC582135B4}
		{AD88F4B7-38E7-4E0F-A9FA-C9748CE2BFB8} = {07FD5343-1001-49B8-9834-DECC582135B4}
		{1FB8D861-283B-40CF-8CA6-58DC3BE54D78} = {07FD5343-1001-49B8-9834-DECC582135B4}
		{BD063B31-060C-4193-BAA8-3ACBFE9EBC8F} = {2D0B5858-864C-4A5E-98BD-39591A589FCF}
		{7776D421-987A-46D9-8F70-B45F26D7CE4B} = {2D0B5858-864C-4A5E-98BD-39591A589FCF}
		{6B11A370-8CB5-4E1D-9E0F-DF7230C220B5} = {07FD5343-1001-49B8-9834-DECC582135B4}
		{D2728C99-0B56-451B-AF47-AE42E563E61C} = {07FD5343-1001-49B8-9834-DECC582135B4}
		{C49DC2EA-40BC-4AB5-9D13-F101F5FABDC3} = {07FD5343-1001-49B8-9834-DECC582135B4}
		{9A263494-245D-40AC-82F4-A9904503AD3A} = {07FD5343-1001-49B8-9834-DECC582135B4}
		{50900279-0FA9-4D90-B80B-1349C7BE2EDA} = {2D0B5858-864C-4A5E-98BD-39591A589FCF}
		{F969B10F-A2C8-47E6-9C35-9E6DC1C553FB} = {2D0B5858-864C-4A5E-98BD-39591A589FCF}
		{D1E92B67-A290-4695-A6DD-764DEDBCC3B8} = {2D0B5858-864C-4A5E-98BD-39591A589FCF}
		{02973F03-91C7-40CE-BBE5-134EE91E0DA1} = {2D0B5858-864C-4A5E-98BD-39591A589FCF}
		{BD1DB779-C82D-477D-A421-81E6222EB0DD} = {2D0B5858-864C-4A5E-98BD-39591A589FCF}
		{0578002B-B3CD-40CB-A2F7-636C39D8207D} = {C2C022B9-7C53-4C1A-8588-EB4FB5519C8B}
		{9B9140DE-3AFF-4D78-8F28-3904346C1BC4} = {9FB5FB5A-2224-4836-91AF-6E44FE487F2B}
		{3C245D57-0BF2-4042-89DF-293FF5DC2D4E} = {9FB5FB5A-2224-4836-91AF-6E44FE487F2B}
		{16DEEE57-FD5F-4932-B2AA-DA46C9C5997C} = {4DF7F269-2C5A-4AC6-8496-496E85811019}
		{8FC10B9C-3AB2-4E43-98C1-AF467F255834} = {E4248D53-5F23-4A27-9020-BAF6647B8375}
		{8C057C24-4AC8-4DFC-8B2D-C6AF8FB6E2D7} = {E4248D53-5F23-4A27-9020-BAF6647B8375}
		{AAFE9FEE-F3E4-431B-9B4F-8585635E4BDF} = {E4248D53-5F23-4A27-9020-BAF6647B8375}
		{0B3A4612-CCDB-4764-A40C-26EC864F24B8} = {E4248D53-5F23-4A27-9020-BAF6647B8375}
		{B6E62E6A-5973-4744-AD0D-8567AAA646F6} = {E4248D53-5F23-4A27-9020-BAF6647B8375}
		{B10E4C5D-2FE0-4EEA-B5DE-79206B937997} = {EBD7F140-F032-40E3-98B1-2D4AF4256B5B}
	EndGlobalSection
	GlobalSection(ExtensibilityGlobals) = postSolution
		SolutionGuid = {BCE391FC-6303-4EAB-9283-221C3B4F41C9}
	EndGlobalSection
EndGlobal
